// !$*UTF8*$!
{
	archiveVersion = 1;
	classes = {
	};
	objectVersion = 48;
	objects = {

/* Begin PBXBuildFile section */
		39FF683EC6EEF1AF67716846 /* Pods_BicycleTests.framework in Frameworks */ = {isa = PBXBuildFile; fileRef = C3B1F5005061210E2323EA26 /* Pods_BicycleTests.framework */; };
		84E87E12FEF895ED5246C415 /* Pods_BicycleUITests.framework in Frameworks */ = {isa = PBXBuildFile; fileRef = C064FF74F47AB70016E1D67C /* Pods_BicycleUITests.framework */; };
		B941D7FCBA1557DEA9EEE16B /* Pods_Bicycle.framework in Frameworks */ = {isa = PBXBuildFile; fileRef = ABE463880661E55A76BB6948 /* Pods_Bicycle.framework */; };
		BE0E70BC215D7EAD001D0EA5 /* Settings.bundle in Resources */ = {isa = PBXBuildFile; fileRef = BE0E70BB215D7EAD001D0EA5 /* Settings.bundle */; };
		BE1131DB1FA12CD50040C374 /* BICHomeViewModel.swift in Sources */ = {isa = PBXBuildFile; fileRef = BE1131DA1FA12CD50040C374 /* BICHomeViewModel.swift */; };
		BE19002C214F0B7300DDCF91 /* BICContractDto.swift in Sources */ = {isa = PBXBuildFile; fileRef = BE19002B214F0B7300DDCF91 /* BICContractDto.swift */; };
		BE1F2FFE21503D4D0094D2DD /* BICContract+CoreDataClass.swift in Sources */ = {isa = PBXBuildFile; fileRef = BE1F2FFC21503D4D0094D2DD /* BICContract+CoreDataClass.swift */; };
		BE1F2FFF21503D4D0094D2DD /* BICContract+CoreDataProperties.swift in Sources */ = {isa = PBXBuildFile; fileRef = BE1F2FFD21503D4D0094D2DD /* BICContract+CoreDataProperties.swift */; };
		BE1F30012150461A0094D2DD /* BICLocalDataSource.swift in Sources */ = {isa = PBXBuildFile; fileRef = BE1F30002150461A0094D2DD /* BICLocalDataSource.swift */; };
		BE2897492072CB5C00A90BF5 /* AlamofireObjectMapper+Rx.swift in Sources */ = {isa = PBXBuildFile; fileRef = BE2897482072CB5C00A90BF5 /* AlamofireObjectMapper+Rx.swift */; };
		BE2E53161F9E7A8F00806D3F /* AppDelegate.swift in Sources */ = {isa = PBXBuildFile; fileRef = BE2E53151F9E7A8F00806D3F /* AppDelegate.swift */; };
		BE2E531E1F9E7A8F00806D3F /* Bicycle.xcdatamodeld in Sources */ = {isa = PBXBuildFile; fileRef = BE2E531C1F9E7A8F00806D3F /* Bicycle.xcdatamodeld */; };
		BE2E53201F9E7A8F00806D3F /* Assets.xcassets in Resources */ = {isa = PBXBuildFile; fileRef = BE2E531F1F9E7A8F00806D3F /* Assets.xcassets */; };
		BE2E532E1F9E7A8F00806D3F /* BicycleTests.swift in Sources */ = {isa = PBXBuildFile; fileRef = BE2E532D1F9E7A8F00806D3F /* BicycleTests.swift */; };
		BE2E53391F9E7A8F00806D3F /* BicycleUITests.swift in Sources */ = {isa = PBXBuildFile; fileRef = BE2E53381F9E7A8F00806D3F /* BicycleUITests.swift */; };
		BE4637302172940100DBCD0D /* BICAboutViewController.swift in Sources */ = {isa = PBXBuildFile; fileRef = BE46372E2172940100DBCD0D /* BICAboutViewController.swift */; };
		BE4637312172940100DBCD0D /* BICAboutViewController.xib in Resources */ = {isa = PBXBuildFile; fileRef = BE46372F2172940100DBCD0D /* BICAboutViewController.xib */; };
		BE5B5C372149A09D00F1BFB9 /* BICPreferenceRepository.swift in Sources */ = {isa = PBXBuildFile; fileRef = BE5B5C362149A09D00F1BFB9 /* BICPreferenceRepository.swift */; };
		BE5B5C392149A7FF00F1BFB9 /* CityBikesDataSource.swift in Sources */ = {isa = PBXBuildFile; fileRef = BE5B5C382149A7FF00F1BFB9 /* CityBikesDataSource.swift */; };
		BE5B5C3B2149AC8F00F1BFB9 /* BICConfigResponseDto.swift in Sources */ = {isa = PBXBuildFile; fileRef = BE5B5C3A2149AC8F00F1BFB9 /* BICConfigResponseDto.swift */; };
		BE5B5C3D2149B74000F1BFB9 /* BICContractsDataResponseDto.swift in Sources */ = {isa = PBXBuildFile; fileRef = BE5B5C3C2149B74000F1BFB9 /* BICContractsDataResponseDto.swift */; };
		BE63E11C1FA3BE22001B8CCB /* BICContractRepository.swift in Sources */ = {isa = PBXBuildFile; fileRef = BE63E11B1FA3BE22001B8CCB /* BICContractRepository.swift */; };
		BE63E1231FA3BF66001B8CCB /* CLLocationCoordinate2D+SB.swift in Sources */ = {isa = PBXBuildFile; fileRef = BE63E11F1FA3BF66001B8CCB /* CLLocationCoordinate2D+SB.swift */; };
		BE63E1241FA3BF66001B8CCB /* MKMapView+SB.swift in Sources */ = {isa = PBXBuildFile; fileRef = BE63E1201FA3BF66001B8CCB /* MKMapView+SB.swift */; };
		BE63E1251FA3BF66001B8CCB /* Date+SB.swift in Sources */ = {isa = PBXBuildFile; fileRef = BE63E1211FA3BF66001B8CCB /* Date+SB.swift */; };
		BE63E1261FA3BF66001B8CCB /* MKCoordinateRegion+SB.swift in Sources */ = {isa = PBXBuildFile; fileRef = BE63E1221FA3BF66001B8CCB /* MKCoordinateRegion+SB.swift */; };
		BE6D55471FA7D51400E7C7F2 /* UIImage+SB.swift in Sources */ = {isa = PBXBuildFile; fileRef = BE6D55461FA7D51400E7C7F2 /* UIImage+SB.swift */; };
		BE92ED06214C6BF000AB00CC /* RxAlamofire+SB.swift in Sources */ = {isa = PBXBuildFile; fileRef = BE92ED05214C6BF000AB00CC /* RxAlamofire+SB.swift */; };
		BEA6C8261FA11F4500C8EDA9 /* UIButton+SB.swift in Sources */ = {isa = PBXBuildFile; fileRef = BEA6C8251FA11F4500C8EDA9 /* UIButton+SB.swift */; };
		BEB4AFA321485C63006E8330 /* BICSplashViewController.swift in Sources */ = {isa = PBXBuildFile; fileRef = BEB4AFA121485C63006E8330 /* BICSplashViewController.swift */; };
		BEB4AFA421485C63006E8330 /* BICSplashViewController.xib in Resources */ = {isa = PBXBuildFile; fileRef = BEB4AFA221485C63006E8330 /* BICSplashViewController.xib */; };
		BEB4AFA621485CC4006E8330 /* BICSplashViewModel.swift in Sources */ = {isa = PBXBuildFile; fileRef = BEB4AFA521485CC4006E8330 /* BICSplashViewModel.swift */; };
		BEB4AFA821485D32006E8330 /* DI.swift in Sources */ = {isa = PBXBuildFile; fileRef = BEB4AFA721485D32006E8330 /* DI.swift */; };
		BEB4AFAA21487523006E8330 /* SBViewModel.swift in Sources */ = {isa = PBXBuildFile; fileRef = BEB4AFA921487523006E8330 /* SBViewModel.swift */; };
		BEB95FF21FA3B64D00062A88 /* BICPlace.swift in Sources */ = {isa = PBXBuildFile; fileRef = BEB95FF11FA3B64D00062A88 /* BICPlace.swift */; };
		BEBD230B214DAB42003F5CA0 /* Localizable.strings in Resources */ = {isa = PBXBuildFile; fileRef = BEBD230D214DAB42003F5CA0 /* Localizable.strings */; };
		BEBD230E214DAB6B003F5CA0 /* Localizable.stringsdict in Resources */ = {isa = PBXBuildFile; fileRef = BEBD2310214DAB6B003F5CA0 /* Localizable.stringsdict */; };
		BEBD2316214DBBFC003F5CA0 /* BICKeys.swift in Sources */ = {isa = PBXBuildFile; fileRef = BEBD2315214DBBFC003F5CA0 /* BICKeys.swift */; };
		BEBE4B2D207D5D0100A2B5E7 /* BICMapViewModel.swift in Sources */ = {isa = PBXBuildFile; fileRef = BEBE4B2C207D5D0100A2B5E7 /* BICMapViewModel.swift */; };
		BECC59861FA7C52C00F86703 /* SBTextField.swift in Sources */ = {isa = PBXBuildFile; fileRef = BECC59851FA7C52C00F86703 /* SBTextField.swift */; };
		BECE6B1A21470F08001831AC /* Contracts.json in Resources */ = {isa = PBXBuildFile; fileRef = BECE6B1921470F08001831AC /* Contracts.json */; };
		BECE6B1C214717E5001831AC /* UIViewController+SB.swift in Sources */ = {isa = PBXBuildFile; fileRef = BECE6B1B214717E5001831AC /* UIViewController+SB.swift */; };
		BED14B301F9E9395003FF180 /* String+SB.swift in Sources */ = {isa = PBXBuildFile; fileRef = BED14B2F1F9E9395003FF180 /* String+SB.swift */; };
		BED14B321F9E957D003FF180 /* UINavigationController+SB.swift in Sources */ = {isa = PBXBuildFile; fileRef = BED14B311F9E957D003FF180 /* UINavigationController+SB.swift */; };
		BED3D7DD215C19F100FE7893 /* GoogleService-Info.plist in Resources */ = {isa = PBXBuildFile; fileRef = BED3D7DC215C19F100FE7893 /* GoogleService-Info.plist */; };
		BED81A8721C8409E00257140 /* SBConnectivity.swift in Sources */ = {isa = PBXBuildFile; fileRef = BED81A8621C8409E00257140 /* SBConnectivity.swift */; };
		BEE34E1A2157C4ED0057DA0C /* LaunchScreen.storyboard in Resources */ = {isa = PBXBuildFile; fileRef = BEE34E192157C4EC0057DA0C /* LaunchScreen.storyboard */; };
		BEE87AE31F9FDF8000BBE819 /* BICHomeViewController.swift in Sources */ = {isa = PBXBuildFile; fileRef = BEE87AE11F9FDF8000BBE819 /* BICHomeViewController.swift */; };
		BEE87AE41F9FDF8000BBE819 /* BICHomeViewController.xib in Resources */ = {isa = PBXBuildFile; fileRef = BEE87AE21F9FDF8000BBE819 /* BICHomeViewController.xib */; };
		BEEAC4661F9E8AD200766469 /* AppDelegate+SB.swift in Sources */ = {isa = PBXBuildFile; fileRef = BEEAC4651F9E8AD200766469 /* AppDelegate+SB.swift */; };
		BEEAC4681F9E8B5500766469 /* UIColor+SB.swift in Sources */ = {isa = PBXBuildFile; fileRef = BEEAC4671F9E8B5500766469 /* UIColor+SB.swift */; };
		BEEAC46B1F9E903B00766469 /* SBLog.swift in Sources */ = {isa = PBXBuildFile; fileRef = BEEAC46A1F9E903B00766469 /* SBLog.swift */; };
		BEEAC46D1F9E90EA00766469 /* SBCrashReport.swift in Sources */ = {isa = PBXBuildFile; fileRef = BEEAC46C1F9E90EA00766469 /* SBCrashReport.swift */; };
		BEECBB65207D5B5B004EECE1 /* BICStationAnnotation.swift in Sources */ = {isa = PBXBuildFile; fileRef = BEECBB63207D5B5B004EECE1 /* BICStationAnnotation.swift */; };
		BEECBB66207D5B5B004EECE1 /* BICContractAnnotation.swift in Sources */ = {isa = PBXBuildFile; fileRef = BEECBB64207D5B5B004EECE1 /* BICContractAnnotation.swift */; };
		BEEDAC751FA6848F001D7765 /* BICConstants.swift in Sources */ = {isa = PBXBuildFile; fileRef = BEEDAC741FA6848F001D7765 /* BICConstants.swift */; };
		BEEDAC791FA68B7B001D7765 /* BICStation.swift in Sources */ = {isa = PBXBuildFile; fileRef = BEEDAC781FA68B7B001D7765 /* BICStation.swift */; };
		BEEDAC841FA68CAA001D7765 /* BicycleDataSource.swift in Sources */ = {isa = PBXBuildFile; fileRef = BEEDAC7D1FA68CAA001D7765 /* BicycleDataSource.swift */; };
		BEEDAC851FA68CAA001D7765 /* CTBResponseDto.swift in Sources */ = {isa = PBXBuildFile; fileRef = BEEDAC7E1FA68CAA001D7765 /* CTBResponseDto.swift */; };
		BEEDAC861FA68CAA001D7765 /* CTBStationDto.swift in Sources */ = {isa = PBXBuildFile; fileRef = BEEDAC7F1FA68CAA001D7765 /* CTBStationDto.swift */; };
		BEEDAC8A1FA68CAA001D7765 /* WSFacade.swift in Sources */ = {isa = PBXBuildFile; fileRef = BEEDAC831FA68CAA001D7765 /* WSFacade.swift */; };
		BEFA72A0215C12B600DE1647 /* BICDataPermissionsViewController.swift in Sources */ = {isa = PBXBuildFile; fileRef = BEFA729E215C12B600DE1647 /* BICDataPermissionsViewController.swift */; };
		BEFA72A1215C12B600DE1647 /* BICDataPermissionsViewController.xib in Resources */ = {isa = PBXBuildFile; fileRef = BEFA729F215C12B600DE1647 /* BICDataPermissionsViewController.xib */; };
		BEFA72A3215C130700DE1647 /* BICOnboardingViewModel.swift in Sources */ = {isa = PBXBuildFile; fileRef = BEFA72A2215C130700DE1647 /* BICOnboardingViewModel.swift */; };
		BEFA72A5215C158200DE1647 /* SBAnalytics.swift in Sources */ = {isa = PBXBuildFile; fileRef = BEFA72A4215C158200DE1647 /* SBAnalytics.swift */; };
/* End PBXBuildFile section */

/* Begin PBXContainerItemProxy section */
		BE2E532A1F9E7A8F00806D3F /* PBXContainerItemProxy */ = {
			isa = PBXContainerItemProxy;
			containerPortal = BE2E530A1F9E7A8F00806D3F /* Project object */;
			proxyType = 1;
			remoteGlobalIDString = BE2E53111F9E7A8F00806D3F;
			remoteInfo = Bicycle;
		};
		BE2E53351F9E7A8F00806D3F /* PBXContainerItemProxy */ = {
			isa = PBXContainerItemProxy;
			containerPortal = BE2E530A1F9E7A8F00806D3F /* Project object */;
			proxyType = 1;
			remoteGlobalIDString = BE2E53111F9E7A8F00806D3F;
			remoteInfo = Bicycle;
		};
/* End PBXContainerItemProxy section */

/* Begin PBXFileReference section */
		0FD447EE0429E61921619208 /* Pods-BicycleTests.release.xcconfig */ = {isa = PBXFileReference; includeInIndex = 1; lastKnownFileType = text.xcconfig; name = "Pods-BicycleTests.release.xcconfig"; path = "Pods/Target Support Files/Pods-BicycleTests/Pods-BicycleTests.release.xcconfig"; sourceTree = "<group>"; };
		14E83F2DB5A83CEB52C9F953 /* Pods-BicycleUITests.debug.xcconfig */ = {isa = PBXFileReference; includeInIndex = 1; lastKnownFileType = text.xcconfig; name = "Pods-BicycleUITests.debug.xcconfig"; path = "Pods/Target Support Files/Pods-BicycleUITests/Pods-BicycleUITests.debug.xcconfig"; sourceTree = "<group>"; };
		89985E88D922BAF3041576BE /* Pods-BicycleUITests.release.xcconfig */ = {isa = PBXFileReference; includeInIndex = 1; lastKnownFileType = text.xcconfig; name = "Pods-BicycleUITests.release.xcconfig"; path = "Pods/Target Support Files/Pods-BicycleUITests/Pods-BicycleUITests.release.xcconfig"; sourceTree = "<group>"; };
		9189FABDF1EA801C59DED664 /* Pods-BicycleTests.debug.xcconfig */ = {isa = PBXFileReference; includeInIndex = 1; lastKnownFileType = text.xcconfig; name = "Pods-BicycleTests.debug.xcconfig"; path = "Pods/Target Support Files/Pods-BicycleTests/Pods-BicycleTests.debug.xcconfig"; sourceTree = "<group>"; };
		ABE463880661E55A76BB6948 /* Pods_Bicycle.framework */ = {isa = PBXFileReference; explicitFileType = wrapper.framework; includeInIndex = 0; path = Pods_Bicycle.framework; sourceTree = BUILT_PRODUCTS_DIR; };
		BE0E70BB215D7EAD001D0EA5 /* Settings.bundle */ = {isa = PBXFileReference; lastKnownFileType = "wrapper.plug-in"; path = Settings.bundle; sourceTree = "<group>"; };
		BE1131DA1FA12CD50040C374 /* BICHomeViewModel.swift */ = {isa = PBXFileReference; lastKnownFileType = sourcecode.swift; path = BICHomeViewModel.swift; sourceTree = "<group>"; };
		BE1131DF1FA137890040C374 /* Toulouse.gpx */ = {isa = PBXFileReference; lastKnownFileType = text.xml; path = Toulouse.gpx; sourceTree = "<group>"; };
		BE19002B214F0B7300DDCF91 /* BICContractDto.swift */ = {isa = PBXFileReference; fileEncoding = 4; lastKnownFileType = sourcecode.swift; path = BICContractDto.swift; sourceTree = "<group>"; };
		BE1F2FFC21503D4D0094D2DD /* BICContract+CoreDataClass.swift */ = {isa = PBXFileReference; lastKnownFileType = sourcecode.swift; path = "BICContract+CoreDataClass.swift"; sourceTree = "<group>"; };
		BE1F2FFD21503D4D0094D2DD /* BICContract+CoreDataProperties.swift */ = {isa = PBXFileReference; lastKnownFileType = sourcecode.swift; path = "BICContract+CoreDataProperties.swift"; sourceTree = "<group>"; };
		BE1F30002150461A0094D2DD /* BICLocalDataSource.swift */ = {isa = PBXFileReference; lastKnownFileType = sourcecode.swift; path = BICLocalDataSource.swift; sourceTree = "<group>"; };
		BE2897482072CB5C00A90BF5 /* AlamofireObjectMapper+Rx.swift */ = {isa = PBXFileReference; lastKnownFileType = sourcecode.swift; path = "AlamofireObjectMapper+Rx.swift"; sourceTree = "<group>"; };
		BE2E53121F9E7A8F00806D3F /* Bicycle.app */ = {isa = PBXFileReference; explicitFileType = wrapper.application; includeInIndex = 0; path = Bicycle.app; sourceTree = BUILT_PRODUCTS_DIR; };
		BE2E53151F9E7A8F00806D3F /* AppDelegate.swift */ = {isa = PBXFileReference; lastKnownFileType = sourcecode.swift; path = AppDelegate.swift; sourceTree = "<group>"; };
		BE2E531D1F9E7A8F00806D3F /* Bicycle.xcdatamodel */ = {isa = PBXFileReference; lastKnownFileType = wrapper.xcdatamodel; path = Bicycle.xcdatamodel; sourceTree = "<group>"; };
		BE2E531F1F9E7A8F00806D3F /* Assets.xcassets */ = {isa = PBXFileReference; lastKnownFileType = folder.assetcatalog; path = Assets.xcassets; sourceTree = "<group>"; };
		BE2E53241F9E7A8F00806D3F /* Info.plist */ = {isa = PBXFileReference; lastKnownFileType = text.plist.xml; path = Info.plist; sourceTree = "<group>"; };
		BE2E53291F9E7A8F00806D3F /* BicycleTests.xctest */ = {isa = PBXFileReference; explicitFileType = wrapper.cfbundle; includeInIndex = 0; path = BicycleTests.xctest; sourceTree = BUILT_PRODUCTS_DIR; };
		BE2E532D1F9E7A8F00806D3F /* BicycleTests.swift */ = {isa = PBXFileReference; lastKnownFileType = sourcecode.swift; path = BicycleTests.swift; sourceTree = "<group>"; };
		BE2E532F1F9E7A8F00806D3F /* Info.plist */ = {isa = PBXFileReference; lastKnownFileType = text.plist.xml; path = Info.plist; sourceTree = "<group>"; };
		BE2E53341F9E7A8F00806D3F /* BicycleUITests.xctest */ = {isa = PBXFileReference; explicitFileType = wrapper.cfbundle; includeInIndex = 0; path = BicycleUITests.xctest; sourceTree = BUILT_PRODUCTS_DIR; };
		BE2E53381F9E7A8F00806D3F /* BicycleUITests.swift */ = {isa = PBXFileReference; lastKnownFileType = sourcecode.swift; path = BicycleUITests.swift; sourceTree = "<group>"; };
		BE2E533A1F9E7A8F00806D3F /* Info.plist */ = {isa = PBXFileReference; lastKnownFileType = text.plist.xml; path = Info.plist; sourceTree = "<group>"; };
		BE46372E2172940100DBCD0D /* BICAboutViewController.swift */ = {isa = PBXFileReference; lastKnownFileType = sourcecode.swift; path = BICAboutViewController.swift; sourceTree = "<group>"; };
		BE46372F2172940100DBCD0D /* BICAboutViewController.xib */ = {isa = PBXFileReference; lastKnownFileType = file.xib; path = BICAboutViewController.xib; sourceTree = "<group>"; };
		BE5B5C362149A09D00F1BFB9 /* BICPreferenceRepository.swift */ = {isa = PBXFileReference; lastKnownFileType = sourcecode.swift; path = BICPreferenceRepository.swift; sourceTree = "<group>"; };
		BE5B5C382149A7FF00F1BFB9 /* CityBikesDataSource.swift */ = {isa = PBXFileReference; lastKnownFileType = sourcecode.swift; path = CityBikesDataSource.swift; sourceTree = "<group>"; };
		BE5B5C3A2149AC8F00F1BFB9 /* BICConfigResponseDto.swift */ = {isa = PBXFileReference; lastKnownFileType = sourcecode.swift; path = BICConfigResponseDto.swift; sourceTree = "<group>"; };
		BE5B5C3C2149B74000F1BFB9 /* BICContractsDataResponseDto.swift */ = {isa = PBXFileReference; lastKnownFileType = sourcecode.swift; path = BICContractsDataResponseDto.swift; sourceTree = "<group>"; };
		BE5F1E012157CD6600187B98 /* Base */ = {isa = PBXFileReference; lastKnownFileType = text.plist.strings; name = Base; path = Base.lproj/Localizable.strings; sourceTree = "<group>"; };
		BE5F1E022157CD7200187B98 /* Base */ = {isa = PBXFileReference; lastKnownFileType = text.plist.stringsdict; name = Base; path = Base.lproj/Localizable.stringsdict; sourceTree = "<group>"; };
		BE63E11B1FA3BE22001B8CCB /* BICContractRepository.swift */ = {isa = PBXFileReference; lastKnownFileType = sourcecode.swift; path = BICContractRepository.swift; sourceTree = "<group>"; };
		BE63E11F1FA3BF66001B8CCB /* CLLocationCoordinate2D+SB.swift */ = {isa = PBXFileReference; fileEncoding = 4; lastKnownFileType = sourcecode.swift; path = "CLLocationCoordinate2D+SB.swift"; sourceTree = "<group>"; };
		BE63E1201FA3BF66001B8CCB /* MKMapView+SB.swift */ = {isa = PBXFileReference; fileEncoding = 4; lastKnownFileType = sourcecode.swift; path = "MKMapView+SB.swift"; sourceTree = "<group>"; };
		BE63E1211FA3BF66001B8CCB /* Date+SB.swift */ = {isa = PBXFileReference; fileEncoding = 4; lastKnownFileType = sourcecode.swift; path = "Date+SB.swift"; sourceTree = "<group>"; };
		BE63E1221FA3BF66001B8CCB /* MKCoordinateRegion+SB.swift */ = {isa = PBXFileReference; fileEncoding = 4; lastKnownFileType = sourcecode.swift; path = "MKCoordinateRegion+SB.swift"; sourceTree = "<group>"; };
		BE6D55461FA7D51400E7C7F2 /* UIImage+SB.swift */ = {isa = PBXFileReference; lastKnownFileType = sourcecode.swift; path = "UIImage+SB.swift"; sourceTree = "<group>"; };
		BE92ED05214C6BF000AB00CC /* RxAlamofire+SB.swift */ = {isa = PBXFileReference; lastKnownFileType = sourcecode.swift; path = "RxAlamofire+SB.swift"; sourceTree = "<group>"; };
		BEA6C8251FA11F4500C8EDA9 /* UIButton+SB.swift */ = {isa = PBXFileReference; lastKnownFileType = sourcecode.swift; path = "UIButton+SB.swift"; sourceTree = "<group>"; };
		BEB4AFA121485C63006E8330 /* BICSplashViewController.swift */ = {isa = PBXFileReference; lastKnownFileType = sourcecode.swift; path = BICSplashViewController.swift; sourceTree = "<group>"; };
		BEB4AFA221485C63006E8330 /* BICSplashViewController.xib */ = {isa = PBXFileReference; lastKnownFileType = file.xib; path = BICSplashViewController.xib; sourceTree = "<group>"; };
		BEB4AFA521485CC4006E8330 /* BICSplashViewModel.swift */ = {isa = PBXFileReference; lastKnownFileType = sourcecode.swift; path = BICSplashViewModel.swift; sourceTree = "<group>"; };
		BEB4AFA721485D32006E8330 /* DI.swift */ = {isa = PBXFileReference; lastKnownFileType = sourcecode.swift; path = DI.swift; sourceTree = "<group>"; };
		BEB4AFA921487523006E8330 /* SBViewModel.swift */ = {isa = PBXFileReference; lastKnownFileType = sourcecode.swift; path = SBViewModel.swift; sourceTree = "<group>"; };
		BEB95FF11FA3B64D00062A88 /* BICPlace.swift */ = {isa = PBXFileReference; lastKnownFileType = sourcecode.swift; path = BICPlace.swift; sourceTree = "<group>"; };
		BEBD2315214DBBFC003F5CA0 /* BICKeys.swift */ = {isa = PBXFileReference; lastKnownFileType = sourcecode.swift; path = BICKeys.swift; sourceTree = "<group>"; };
		BEBE4B2C207D5D0100A2B5E7 /* BICMapViewModel.swift */ = {isa = PBXFileReference; lastKnownFileType = sourcecode.swift; path = BICMapViewModel.swift; sourceTree = "<group>"; };
		BECC59851FA7C52C00F86703 /* SBTextField.swift */ = {isa = PBXFileReference; lastKnownFileType = sourcecode.swift; path = SBTextField.swift; sourceTree = "<group>"; };
		BECE6B1921470F08001831AC /* Contracts.json */ = {isa = PBXFileReference; fileEncoding = 4; lastKnownFileType = text.json; path = Contracts.json; sourceTree = "<group>"; };
		BECE6B1B214717E5001831AC /* UIViewController+SB.swift */ = {isa = PBXFileReference; lastKnownFileType = sourcecode.swift; path = "UIViewController+SB.swift"; sourceTree = "<group>"; };
		BED14B2F1F9E9395003FF180 /* String+SB.swift */ = {isa = PBXFileReference; lastKnownFileType = sourcecode.swift; path = "String+SB.swift"; sourceTree = "<group>"; };
		BED14B311F9E957D003FF180 /* UINavigationController+SB.swift */ = {isa = PBXFileReference; lastKnownFileType = sourcecode.swift; path = "UINavigationController+SB.swift"; sourceTree = "<group>"; };
		BED3D7DC215C19F100FE7893 /* GoogleService-Info.plist */ = {isa = PBXFileReference; fileEncoding = 4; lastKnownFileType = text.plist.xml; path = "GoogleService-Info.plist"; sourceTree = "<group>"; };
		BED81A8621C8409E00257140 /* SBConnectivity.swift */ = {isa = PBXFileReference; lastKnownFileType = sourcecode.swift; path = SBConnectivity.swift; sourceTree = "<group>"; };
		BEE34E192157C4EC0057DA0C /* LaunchScreen.storyboard */ = {isa = PBXFileReference; fileEncoding = 4; lastKnownFileType = file.storyboard; path = LaunchScreen.storyboard; sourceTree = "<group>"; };
		BEE87AE11F9FDF8000BBE819 /* BICHomeViewController.swift */ = {isa = PBXFileReference; lastKnownFileType = sourcecode.swift; path = BICHomeViewController.swift; sourceTree = "<group>"; };
		BEE87AE21F9FDF8000BBE819 /* BICHomeViewController.xib */ = {isa = PBXFileReference; lastKnownFileType = file.xib; path = BICHomeViewController.xib; sourceTree = "<group>"; };
		BEEAC4651F9E8AD200766469 /* AppDelegate+SB.swift */ = {isa = PBXFileReference; lastKnownFileType = sourcecode.swift; path = "AppDelegate+SB.swift"; sourceTree = "<group>"; };
		BEEAC4671F9E8B5500766469 /* UIColor+SB.swift */ = {isa = PBXFileReference; lastKnownFileType = sourcecode.swift; path = "UIColor+SB.swift"; sourceTree = "<group>"; };
		BEEAC46A1F9E903B00766469 /* SBLog.swift */ = {isa = PBXFileReference; lastKnownFileType = sourcecode.swift; path = SBLog.swift; sourceTree = "<group>"; };
		BEEAC46C1F9E90EA00766469 /* SBCrashReport.swift */ = {isa = PBXFileReference; lastKnownFileType = sourcecode.swift; path = SBCrashReport.swift; sourceTree = "<group>"; };
		BEECBB63207D5B5B004EECE1 /* BICStationAnnotation.swift */ = {isa = PBXFileReference; fileEncoding = 4; lastKnownFileType = sourcecode.swift; path = BICStationAnnotation.swift; sourceTree = "<group>"; };
		BEECBB64207D5B5B004EECE1 /* BICContractAnnotation.swift */ = {isa = PBXFileReference; fileEncoding = 4; lastKnownFileType = sourcecode.swift; path = BICContractAnnotation.swift; sourceTree = "<group>"; };
		BEEDAC741FA6848F001D7765 /* BICConstants.swift */ = {isa = PBXFileReference; lastKnownFileType = sourcecode.swift; path = BICConstants.swift; sourceTree = "<group>"; };
		BEEDAC781FA68B7B001D7765 /* BICStation.swift */ = {isa = PBXFileReference; lastKnownFileType = sourcecode.swift; path = BICStation.swift; sourceTree = "<group>"; };
		BEEDAC7D1FA68CAA001D7765 /* BicycleDataSource.swift */ = {isa = PBXFileReference; fileEncoding = 4; lastKnownFileType = sourcecode.swift; path = BicycleDataSource.swift; sourceTree = "<group>"; };
		BEEDAC7E1FA68CAA001D7765 /* CTBResponseDto.swift */ = {isa = PBXFileReference; fileEncoding = 4; lastKnownFileType = sourcecode.swift; path = CTBResponseDto.swift; sourceTree = "<group>"; };
		BEEDAC7F1FA68CAA001D7765 /* CTBStationDto.swift */ = {isa = PBXFileReference; fileEncoding = 4; lastKnownFileType = sourcecode.swift; path = CTBStationDto.swift; sourceTree = "<group>"; };
		BEEDAC831FA68CAA001D7765 /* WSFacade.swift */ = {isa = PBXFileReference; fileEncoding = 4; lastKnownFileType = sourcecode.swift; path = WSFacade.swift; sourceTree = "<group>"; };
		BEF057BD21583E3600E34DF5 /* fr */ = {isa = PBXFileReference; lastKnownFileType = text.plist.strings; name = fr; path = fr.lproj/Localizable.strings; sourceTree = "<group>"; };
		BEF057BE21583E3600E34DF5 /* fr */ = {isa = PBXFileReference; lastKnownFileType = text.plist.stringsdict; name = fr; path = fr.lproj/Localizable.stringsdict; sourceTree = "<group>"; };
		BEFA729E215C12B600DE1647 /* BICDataPermissionsViewController.swift */ = {isa = PBXFileReference; lastKnownFileType = sourcecode.swift; path = BICDataPermissionsViewController.swift; sourceTree = "<group>"; };
		BEFA729F215C12B600DE1647 /* BICDataPermissionsViewController.xib */ = {isa = PBXFileReference; lastKnownFileType = file.xib; path = BICDataPermissionsViewController.xib; sourceTree = "<group>"; };
		BEFA72A2215C130700DE1647 /* BICOnboardingViewModel.swift */ = {isa = PBXFileReference; lastKnownFileType = sourcecode.swift; path = BICOnboardingViewModel.swift; sourceTree = "<group>"; };
		BEFA72A4215C158200DE1647 /* SBAnalytics.swift */ = {isa = PBXFileReference; lastKnownFileType = sourcecode.swift; path = SBAnalytics.swift; sourceTree = "<group>"; };
		C064FF74F47AB70016E1D67C /* Pods_BicycleUITests.framework */ = {isa = PBXFileReference; explicitFileType = wrapper.framework; includeInIndex = 0; path = Pods_BicycleUITests.framework; sourceTree = BUILT_PRODUCTS_DIR; };
		C3B1F5005061210E2323EA26 /* Pods_BicycleTests.framework */ = {isa = PBXFileReference; explicitFileType = wrapper.framework; includeInIndex = 0; path = Pods_BicycleTests.framework; sourceTree = BUILT_PRODUCTS_DIR; };
		EB913903FC99CECC1D7BB360 /* Pods-Bicycle.debug.xcconfig */ = {isa = PBXFileReference; includeInIndex = 1; lastKnownFileType = text.xcconfig; name = "Pods-Bicycle.debug.xcconfig"; path = "Pods/Target Support Files/Pods-Bicycle/Pods-Bicycle.debug.xcconfig"; sourceTree = "<group>"; };
		F6FB3CD3D77EFB9715D5A840 /* Pods-Bicycle.release.xcconfig */ = {isa = PBXFileReference; includeInIndex = 1; lastKnownFileType = text.xcconfig; name = "Pods-Bicycle.release.xcconfig"; path = "Pods/Target Support Files/Pods-Bicycle/Pods-Bicycle.release.xcconfig"; sourceTree = "<group>"; };
/* End PBXFileReference section */

/* Begin PBXFrameworksBuildPhase section */
		BE2E530F1F9E7A8F00806D3F /* Frameworks */ = {
			isa = PBXFrameworksBuildPhase;
			buildActionMask = 2147483647;
			files = (
				B941D7FCBA1557DEA9EEE16B /* Pods_Bicycle.framework in Frameworks */,
			);
			runOnlyForDeploymentPostprocessing = 0;
		};
		BE2E53261F9E7A8F00806D3F /* Frameworks */ = {
			isa = PBXFrameworksBuildPhase;
			buildActionMask = 2147483647;
			files = (
				39FF683EC6EEF1AF67716846 /* Pods_BicycleTests.framework in Frameworks */,
			);
			runOnlyForDeploymentPostprocessing = 0;
		};
		BE2E53311F9E7A8F00806D3F /* Frameworks */ = {
			isa = PBXFrameworksBuildPhase;
			buildActionMask = 2147483647;
			files = (
				84E87E12FEF895ED5246C415 /* Pods_BicycleUITests.framework in Frameworks */,
			);
			runOnlyForDeploymentPostprocessing = 0;
		};
/* End PBXFrameworksBuildPhase section */

/* Begin PBXGroup section */
		13DC4387C0D976250033AD63 /* Frameworks */ = {
			isa = PBXGroup;
			children = (
				ABE463880661E55A76BB6948 /* Pods_Bicycle.framework */,
				C3B1F5005061210E2323EA26 /* Pods_BicycleTests.framework */,
				C064FF74F47AB70016E1D67C /* Pods_BicycleUITests.framework */,
			);
			name = Frameworks;
			sourceTree = "<group>";
		};
		3C0039BE019B331F521B48C8 /* Pods */ = {
			isa = PBXGroup;
			children = (
				EB913903FC99CECC1D7BB360 /* Pods-Bicycle.debug.xcconfig */,
				F6FB3CD3D77EFB9715D5A840 /* Pods-Bicycle.release.xcconfig */,
				9189FABDF1EA801C59DED664 /* Pods-BicycleTests.debug.xcconfig */,
				0FD447EE0429E61921619208 /* Pods-BicycleTests.release.xcconfig */,
				14E83F2DB5A83CEB52C9F953 /* Pods-BicycleUITests.debug.xcconfig */,
				89985E88D922BAF3041576BE /* Pods-BicycleUITests.release.xcconfig */,
			);
			name = Pods;
			sourceTree = "<group>";
		};
		BE1131D91FA12CBC0040C374 /* ViewModels */ = {
			isa = PBXGroup;
			children = (
				BE1131DA1FA12CD50040C374 /* BICHomeViewModel.swift */,
				BEBE4B2C207D5D0100A2B5E7 /* BICMapViewModel.swift */,
				BEB4AFA521485CC4006E8330 /* BICSplashViewModel.swift */,
				BEB4AFA921487523006E8330 /* SBViewModel.swift */,
				BEFA72A2215C130700DE1647 /* BICOnboardingViewModel.swift */,
			);
			path = ViewModels;
			sourceTree = "<group>";
		};
		BE1131DC1FA131BF0040C374 /* Data */ = {
			isa = PBXGroup;
			children = (
				BE2DA0FA21569185009E5AD0 /* Local */,
				BE2DA0FB215691C9009E5AD0 /* Remote */,
				BE1F30002150461A0094D2DD /* BICLocalDataSource.swift */,
				BEEDAC7D1FA68CAA001D7765 /* BicycleDataSource.swift */,
				BE5B5C382149A7FF00F1BFB9 /* CityBikesDataSource.swift */,
			);
			path = Data;
			sourceTree = "<group>";
		};
		BE2DA0FA21569185009E5AD0 /* Local */ = {
			isa = PBXGroup;
			children = (
				BE1F2FFC21503D4D0094D2DD /* BICContract+CoreDataClass.swift */,
				BE1F2FFD21503D4D0094D2DD /* BICContract+CoreDataProperties.swift */,
				BEB95FF11FA3B64D00062A88 /* BICPlace.swift */,
				BEEDAC781FA68B7B001D7765 /* BICStation.swift */,
			);
			path = Local;
			sourceTree = "<group>";
		};
		BE2DA0FB215691C9009E5AD0 /* Remote */ = {
			isa = PBXGroup;
			children = (
				BE5B5C3A2149AC8F00F1BFB9 /* BICConfigResponseDto.swift */,
				BE5B5C3C2149B74000F1BFB9 /* BICContractsDataResponseDto.swift */,
				BE19002B214F0B7300DDCF91 /* BICContractDto.swift */,
				BEEDAC7E1FA68CAA001D7765 /* CTBResponseDto.swift */,
				BEEDAC7F1FA68CAA001D7765 /* CTBStationDto.swift */,
			);
			path = Remote;
			sourceTree = "<group>";
		};
		BE2E53091F9E7A8F00806D3F = {
			isa = PBXGroup;
			children = (
				BE2E53141F9E7A8F00806D3F /* Bicycle */,
				BE2E532C1F9E7A8F00806D3F /* BicycleTests */,
				BE2E53371F9E7A8F00806D3F /* BicycleUITests */,
				BE2E53131F9E7A8F00806D3F /* Products */,
				3C0039BE019B331F521B48C8 /* Pods */,
				13DC4387C0D976250033AD63 /* Frameworks */,
			);
			sourceTree = "<group>";
		};
		BE2E53131F9E7A8F00806D3F /* Products */ = {
			isa = PBXGroup;
			children = (
				BE2E53121F9E7A8F00806D3F /* Bicycle.app */,
				BE2E53291F9E7A8F00806D3F /* BicycleTests.xctest */,
				BE2E53341F9E7A8F00806D3F /* BicycleUITests.xctest */,
			);
			name = Products;
			sourceTree = "<group>";
		};
		BE2E53141F9E7A8F00806D3F /* Bicycle */ = {
			isa = PBXGroup;
			children = (
				BE1131DC1FA131BF0040C374 /* Data */,
				BEEAC4641F9E8A9100766469 /* Extensions */,
				BEEDAC7C1FA68CAA001D7765 /* IO */,
				BEEAC4691F9E902100766469 /* Misc */,
				BE63E11A1FA3BE02001B8CCB /* Repositories */,
				BE1131D91FA12CBC0040C374 /* ViewModels */,
				BEE87AE01F9FDF4B00BBE819 /* Views */,
				BECC59841FA7C50500F86703 /* Widgets */,
				BE2E53151F9E7A8F00806D3F /* AppDelegate.swift */,
				BEB4AFA721485D32006E8330 /* DI.swift */,
				BE2E531F1F9E7A8F00806D3F /* Assets.xcassets */,
				BE2E53241F9E7A8F00806D3F /* Info.plist */,
				BED3D7DC215C19F100FE7893 /* GoogleService-Info.plist */,
				BECE6B1921470F08001831AC /* Contracts.json */,
				BEE34E192157C4EC0057DA0C /* LaunchScreen.storyboard */,
				BEBD230D214DAB42003F5CA0 /* Localizable.strings */,
				BEBD2310214DAB6B003F5CA0 /* Localizable.stringsdict */,
				BE2E531C1F9E7A8F00806D3F /* Bicycle.xcdatamodeld */,
				BE1131DF1FA137890040C374 /* Toulouse.gpx */,
				BE0E70BB215D7EAD001D0EA5 /* Settings.bundle */,
			);
			path = Bicycle;
			sourceTree = "<group>";
		};
		BE2E532C1F9E7A8F00806D3F /* BicycleTests */ = {
			isa = PBXGroup;
			children = (
				BE2E532D1F9E7A8F00806D3F /* BicycleTests.swift */,
				BE2E532F1F9E7A8F00806D3F /* Info.plist */,
			);
			path = BicycleTests;
			sourceTree = "<group>";
		};
		BE2E53371F9E7A8F00806D3F /* BicycleUITests */ = {
			isa = PBXGroup;
			children = (
				BE2E53381F9E7A8F00806D3F /* BicycleUITests.swift */,
				BE2E533A1F9E7A8F00806D3F /* Info.plist */,
			);
			path = BicycleUITests;
			sourceTree = "<group>";
		};
		BE63E11A1FA3BE02001B8CCB /* Repositories */ = {
			isa = PBXGroup;
			children = (
				BE63E11B1FA3BE22001B8CCB /* BICContractRepository.swift */,
				BE5B5C362149A09D00F1BFB9 /* BICPreferenceRepository.swift */,
			);
			path = Repositories;
			sourceTree = "<group>";
		};
		BECC59841FA7C50500F86703 /* Widgets */ = {
			isa = PBXGroup;
			children = (
				BEECBB64207D5B5B004EECE1 /* BICContractAnnotation.swift */,
				BEECBB63207D5B5B004EECE1 /* BICStationAnnotation.swift */,
				BECC59851FA7C52C00F86703 /* SBTextField.swift */,
			);
			path = Widgets;
			sourceTree = "<group>";
		};
		BED2ADBA2160CFAA007BD684 /* Home */ = {
			isa = PBXGroup;
			children = (
				BEE87AE11F9FDF8000BBE819 /* BICHomeViewController.swift */,
				BEE87AE21F9FDF8000BBE819 /* BICHomeViewController.xib */,
			);
			path = Home;
			sourceTree = "<group>";
		};
		BEE87AE01F9FDF4B00BBE819 /* Views */ = {
			isa = PBXGroup;
			children = (
				BED2ADBA2160CFAA007BD684 /* Home */,
				BEB4AFA121485C63006E8330 /* BICSplashViewController.swift */,
				BEB4AFA221485C63006E8330 /* BICSplashViewController.xib */,
				BEFA729E215C12B600DE1647 /* BICDataPermissionsViewController.swift */,
				BEFA729F215C12B600DE1647 /* BICDataPermissionsViewController.xib */,
				BE46372E2172940100DBCD0D /* BICAboutViewController.swift */,
				BE46372F2172940100DBCD0D /* BICAboutViewController.xib */,
			);
			path = Views;
			sourceTree = "<group>";
		};
		BEEAC4641F9E8A9100766469 /* Extensions */ = {
			isa = PBXGroup;
			children = (
				BE2897482072CB5C00A90BF5 /* AlamofireObjectMapper+Rx.swift */,
				BEEAC4651F9E8AD200766469 /* AppDelegate+SB.swift */,
				BE63E11F1FA3BF66001B8CCB /* CLLocationCoordinate2D+SB.swift */,
				BE63E1211FA3BF66001B8CCB /* Date+SB.swift */,
				BE63E1221FA3BF66001B8CCB /* MKCoordinateRegion+SB.swift */,
				BE63E1201FA3BF66001B8CCB /* MKMapView+SB.swift */,
				BE92ED05214C6BF000AB00CC /* RxAlamofire+SB.swift */,
				BED14B2F1F9E9395003FF180 /* String+SB.swift */,
				BEA6C8251FA11F4500C8EDA9 /* UIButton+SB.swift */,
				BEEAC4671F9E8B5500766469 /* UIColor+SB.swift */,
				BE6D55461FA7D51400E7C7F2 /* UIImage+SB.swift */,
				BED14B311F9E957D003FF180 /* UINavigationController+SB.swift */,
				BECE6B1B214717E5001831AC /* UIViewController+SB.swift */,
			);
			path = Extensions;
			sourceTree = "<group>";
		};
		BEEAC4691F9E902100766469 /* Misc */ = {
			isa = PBXGroup;
			children = (
				BEEDAC741FA6848F001D7765 /* BICConstants.swift */,
				BEBD2315214DBBFC003F5CA0 /* BICKeys.swift */,
				BEFA72A4215C158200DE1647 /* SBAnalytics.swift */,
				BED81A8621C8409E00257140 /* SBConnectivity.swift */,
				BEEAC46C1F9E90EA00766469 /* SBCrashReport.swift */,
				BEEAC46A1F9E903B00766469 /* SBLog.swift */,
			);
			path = Misc;
			sourceTree = "<group>";
		};
		BEEDAC7C1FA68CAA001D7765 /* IO */ = {
			isa = PBXGroup;
			children = (
				BEEDAC831FA68CAA001D7765 /* WSFacade.swift */,
			);
			path = IO;
			sourceTree = "<group>";
		};
/* End PBXGroup section */

/* Begin PBXNativeTarget section */
		BE2E53111F9E7A8F00806D3F /* Bicycle */ = {
			isa = PBXNativeTarget;
			buildConfigurationList = BE2E533D1F9E7A8F00806D3F /* Build configuration list for PBXNativeTarget "Bicycle" */;
			buildPhases = (
				17CE1D2370E96AC23AB11C86 /* [CP] Check Pods Manifest.lock */,
				BE2E530E1F9E7A8F00806D3F /* Sources */,
				BE2E530F1F9E7A8F00806D3F /* Frameworks */,
				BE2E53101F9E7A8F00806D3F /* Resources */,
				BEFA72A6215C16DE00DE1647 /* Crashlytics */,
				9C3C87C626BEDBC98412F328 /* [CP] Embed Pods Frameworks */,
			);
			buildRules = (
			);
			dependencies = (
			);
			name = Bicycle;
			productName = Bicycle;
			productReference = BE2E53121F9E7A8F00806D3F /* Bicycle.app */;
			productType = "com.apple.product-type.application";
		};
		BE2E53281F9E7A8F00806D3F /* BicycleTests */ = {
			isa = PBXNativeTarget;
			buildConfigurationList = BE2E53401F9E7A8F00806D3F /* Build configuration list for PBXNativeTarget "BicycleTests" */;
			buildPhases = (
				B46A9D54AFACA922BBB47925 /* [CP] Check Pods Manifest.lock */,
				BE2E53251F9E7A8F00806D3F /* Sources */,
				BE2E53261F9E7A8F00806D3F /* Frameworks */,
				BE2E53271F9E7A8F00806D3F /* Resources */,
				29A748388322F8FEE9137C66 /* [CP] Embed Pods Frameworks */,
			);
			buildRules = (
			);
			dependencies = (
				BE2E532B1F9E7A8F00806D3F /* PBXTargetDependency */,
			);
			name = BicycleTests;
			productName = BicycleTests;
			productReference = BE2E53291F9E7A8F00806D3F /* BicycleTests.xctest */;
			productType = "com.apple.product-type.bundle.unit-test";
		};
		BE2E53331F9E7A8F00806D3F /* BicycleUITests */ = {
			isa = PBXNativeTarget;
			buildConfigurationList = BE2E53431F9E7A8F00806D3F /* Build configuration list for PBXNativeTarget "BicycleUITests" */;
			buildPhases = (
				B47BEC8CDFCD9788A9550D45 /* [CP] Check Pods Manifest.lock */,
				BE2E53301F9E7A8F00806D3F /* Sources */,
				BE2E53311F9E7A8F00806D3F /* Frameworks */,
				BE2E53321F9E7A8F00806D3F /* Resources */,
			);
			buildRules = (
			);
			dependencies = (
				BE2E53361F9E7A8F00806D3F /* PBXTargetDependency */,
			);
			name = BicycleUITests;
			productName = BicycleUITests;
			productReference = BE2E53341F9E7A8F00806D3F /* BicycleUITests.xctest */;
			productType = "com.apple.product-type.bundle.ui-testing";
		};
/* End PBXNativeTarget section */

/* Begin PBXProject section */
		BE2E530A1F9E7A8F00806D3F /* Project object */ = {
			isa = PBXProject;
			attributes = {
				LastSwiftUpdateCheck = 0900;
				LastUpgradeCheck = 0930;
				ORGANIZATIONNAME = "Sébastien BALARD";
				TargetAttributes = {
					BE2E53111F9E7A8F00806D3F = {
						CreatedOnToolsVersion = 9.0.1;
						LastSwiftMigration = 1000;
						ProvisioningStyle = Automatic;
					};
					BE2E53281F9E7A8F00806D3F = {
						CreatedOnToolsVersion = 9.0.1;
						LastSwiftMigration = 1000;
						ProvisioningStyle = Automatic;
						TestTargetID = BE2E53111F9E7A8F00806D3F;
					};
					BE2E53331F9E7A8F00806D3F = {
						CreatedOnToolsVersion = 9.0.1;
						LastSwiftMigration = 1000;
						ProvisioningStyle = Automatic;
						TestTargetID = BE2E53111F9E7A8F00806D3F;
					};
				};
			};
			buildConfigurationList = BE2E530D1F9E7A8F00806D3F /* Build configuration list for PBXProject "Bicycle" */;
			compatibilityVersion = "Xcode 8.0";
			developmentRegion = en;
			hasScannedForEncodings = 0;
			knownRegions = (
				en,
				Base,
				fr,
			);
			mainGroup = BE2E53091F9E7A8F00806D3F;
			productRefGroup = BE2E53131F9E7A8F00806D3F /* Products */;
			projectDirPath = "";
			projectRoot = "";
			targets = (
				BE2E53111F9E7A8F00806D3F /* Bicycle */,
				BE2E53281F9E7A8F00806D3F /* BicycleTests */,
				BE2E53331F9E7A8F00806D3F /* BicycleUITests */,
			);
		};
/* End PBXProject section */

/* Begin PBXResourcesBuildPhase section */
		BE2E53101F9E7A8F00806D3F /* Resources */ = {
			isa = PBXResourcesBuildPhase;
			buildActionMask = 2147483647;
			files = (
				BEFA72A1215C12B600DE1647 /* BICDataPermissionsViewController.xib in Resources */,
				BEB4AFA421485C63006E8330 /* BICSplashViewController.xib in Resources */,
				BE0E70BC215D7EAD001D0EA5 /* Settings.bundle in Resources */,
				BED3D7DD215C19F100FE7893 /* GoogleService-Info.plist in Resources */,
				BEBD230B214DAB42003F5CA0 /* Localizable.strings in Resources */,
				BE4637312172940100DBCD0D /* BICAboutViewController.xib in Resources */,
				BE2E53201F9E7A8F00806D3F /* Assets.xcassets in Resources */,
				BECE6B1A21470F08001831AC /* Contracts.json in Resources */,
				BEE34E1A2157C4ED0057DA0C /* LaunchScreen.storyboard in Resources */,
				BEE87AE41F9FDF8000BBE819 /* BICHomeViewController.xib in Resources */,
				BEBD230E214DAB6B003F5CA0 /* Localizable.stringsdict in Resources */,
			);
			runOnlyForDeploymentPostprocessing = 0;
		};
		BE2E53271F9E7A8F00806D3F /* Resources */ = {
			isa = PBXResourcesBuildPhase;
			buildActionMask = 2147483647;
			files = (
			);
			runOnlyForDeploymentPostprocessing = 0;
		};
		BE2E53321F9E7A8F00806D3F /* Resources */ = {
			isa = PBXResourcesBuildPhase;
			buildActionMask = 2147483647;
			files = (
			);
			runOnlyForDeploymentPostprocessing = 0;
		};
/* End PBXResourcesBuildPhase section */

/* Begin PBXShellScriptBuildPhase section */
		17CE1D2370E96AC23AB11C86 /* [CP] Check Pods Manifest.lock */ = {
			isa = PBXShellScriptBuildPhase;
			buildActionMask = 2147483647;
			files = (
			);
			inputFileListPaths = (
			);
			inputPaths = (
				"${PODS_PODFILE_DIR_PATH}/Podfile.lock",
				"${PODS_ROOT}/Manifest.lock",
			);
			name = "[CP] Check Pods Manifest.lock";
			outputFileListPaths = (
			);
			outputPaths = (
				"$(DERIVED_FILE_DIR)/Pods-Bicycle-checkManifestLockResult.txt",
			);
			runOnlyForDeploymentPostprocessing = 0;
			shellPath = /bin/sh;
			shellScript = "diff \"${PODS_PODFILE_DIR_PATH}/Podfile.lock\" \"${PODS_ROOT}/Manifest.lock\" > /dev/null\nif [ $? != 0 ] ; then\n    # print error to STDERR\n    echo \"error: The sandbox is not in sync with the Podfile.lock. Run 'pod install' or update your CocoaPods installation.\" >&2\n    exit 1\nfi\n# This output is used by Xcode 'outputs' to avoid re-running this script phase.\necho \"SUCCESS\" > \"${SCRIPT_OUTPUT_FILE_0}\"\n";
			showEnvVarsInLog = 0;
		};
		29A748388322F8FEE9137C66 /* [CP] Embed Pods Frameworks */ = {
			isa = PBXShellScriptBuildPhase;
			buildActionMask = 2147483647;
			files = (
			);
			inputFileListPaths = (
			);
			inputPaths = (
				"${SRCROOT}/Pods/Target Support Files/Pods-BicycleTests/Pods-BicycleTests-frameworks.sh",
				"${BUILT_PRODUCTS_DIR}/RxSwift/RxSwift.framework",
				"${BUILT_PRODUCTS_DIR}/Mockit/Mockit.framework",
				"${BUILT_PRODUCTS_DIR}/RxAtomic/RxAtomic.framework",
				"${BUILT_PRODUCTS_DIR}/RxBlocking/RxBlocking.framework",
				"${BUILT_PRODUCTS_DIR}/RxTest/RxTest.framework",
			);
			name = "[CP] Embed Pods Frameworks";
			outputFileListPaths = (
			);
			outputPaths = (
				"${TARGET_BUILD_DIR}/${FRAMEWORKS_FOLDER_PATH}/RxSwift.framework",
				"${TARGET_BUILD_DIR}/${FRAMEWORKS_FOLDER_PATH}/Mockit.framework",
				"${TARGET_BUILD_DIR}/${FRAMEWORKS_FOLDER_PATH}/RxAtomic.framework",
				"${TARGET_BUILD_DIR}/${FRAMEWORKS_FOLDER_PATH}/RxBlocking.framework",
				"${TARGET_BUILD_DIR}/${FRAMEWORKS_FOLDER_PATH}/RxTest.framework",
			);
			runOnlyForDeploymentPostprocessing = 0;
			shellPath = /bin/sh;
			shellScript = "\"${SRCROOT}/Pods/Target Support Files/Pods-BicycleTests/Pods-BicycleTests-frameworks.sh\"\n";
			showEnvVarsInLog = 0;
		};
		9C3C87C626BEDBC98412F328 /* [CP] Embed Pods Frameworks */ = {
			isa = PBXShellScriptBuildPhase;
			buildActionMask = 2147483647;
			files = (
			);
			inputFileListPaths = (
			);
			inputPaths = (
				"${SRCROOT}/Pods/Target Support Files/Pods-Bicycle/Pods-Bicycle-frameworks.sh",
				"${BUILT_PRODUCTS_DIR}/Alamofire/Alamofire.framework",
				"${BUILT_PRODUCTS_DIR}/AlamofireObjectMapper/AlamofireObjectMapper.framework",
				"${BUILT_PRODUCTS_DIR}/Cluster/Cluster.framework",
				"${BUILT_PRODUCTS_DIR}/Dip/Dip.framework",
				"${BUILT_PRODUCTS_DIR}/GoogleUtilities/GoogleUtilities.framework",
				"${BUILT_PRODUCTS_DIR}/ObjectMapper/ObjectMapper.framework",
				"${BUILT_PRODUCTS_DIR}/ReachabilitySwift/Reachability.framework",
				"${BUILT_PRODUCTS_DIR}/RxAlamofire/RxAlamofire.framework",
				"${BUILT_PRODUCTS_DIR}/RxCocoa/RxCocoa.framework",
				"${BUILT_PRODUCTS_DIR}/RxCoreLocation/RxCoreLocation.framework",
				"${BUILT_PRODUCTS_DIR}/RxSwift/RxSwift.framework",
				"${BUILT_PRODUCTS_DIR}/SwiftyBeaver/SwiftyBeaver.framework",
				"${BUILT_PRODUCTS_DIR}/Toaster/Toaster.framework",
				"${BUILT_PRODUCTS_DIR}/nanopb/nanopb.framework",
			);
			name = "[CP] Embed Pods Frameworks";
			outputFileListPaths = (
			);
			outputPaths = (
				"${TARGET_BUILD_DIR}/${FRAMEWORKS_FOLDER_PATH}/Alamofire.framework",
				"${TARGET_BUILD_DIR}/${FRAMEWORKS_FOLDER_PATH}/AlamofireObjectMapper.framework",
				"${TARGET_BUILD_DIR}/${FRAMEWORKS_FOLDER_PATH}/Cluster.framework",
				"${TARGET_BUILD_DIR}/${FRAMEWORKS_FOLDER_PATH}/Dip.framework",
				"${TARGET_BUILD_DIR}/${FRAMEWORKS_FOLDER_PATH}/GoogleUtilities.framework",
				"${TARGET_BUILD_DIR}/${FRAMEWORKS_FOLDER_PATH}/ObjectMapper.framework",
				"${TARGET_BUILD_DIR}/${FRAMEWORKS_FOLDER_PATH}/Reachability.framework",
				"${TARGET_BUILD_DIR}/${FRAMEWORKS_FOLDER_PATH}/RxAlamofire.framework",
				"${TARGET_BUILD_DIR}/${FRAMEWORKS_FOLDER_PATH}/RxCocoa.framework",
				"${TARGET_BUILD_DIR}/${FRAMEWORKS_FOLDER_PATH}/RxCoreLocation.framework",
				"${TARGET_BUILD_DIR}/${FRAMEWORKS_FOLDER_PATH}/RxSwift.framework",
				"${TARGET_BUILD_DIR}/${FRAMEWORKS_FOLDER_PATH}/SwiftyBeaver.framework",
				"${TARGET_BUILD_DIR}/${FRAMEWORKS_FOLDER_PATH}/Toaster.framework",
				"${TARGET_BUILD_DIR}/${FRAMEWORKS_FOLDER_PATH}/nanopb.framework",
			);
			runOnlyForDeploymentPostprocessing = 0;
			shellPath = /bin/sh;
			shellScript = "\"${SRCROOT}/Pods/Target Support Files/Pods-Bicycle/Pods-Bicycle-frameworks.sh\"\n";
			showEnvVarsInLog = 0;
		};
		B46A9D54AFACA922BBB47925 /* [CP] Check Pods Manifest.lock */ = {
			isa = PBXShellScriptBuildPhase;
			buildActionMask = 2147483647;
			files = (
			);
			inputFileListPaths = (
			);
			inputPaths = (
				"${PODS_PODFILE_DIR_PATH}/Podfile.lock",
				"${PODS_ROOT}/Manifest.lock",
			);
			name = "[CP] Check Pods Manifest.lock";
			outputFileListPaths = (
			);
			outputPaths = (
				"$(DERIVED_FILE_DIR)/Pods-BicycleTests-checkManifestLockResult.txt",
			);
			runOnlyForDeploymentPostprocessing = 0;
			shellPath = /bin/sh;
			shellScript = "diff \"${PODS_PODFILE_DIR_PATH}/Podfile.lock\" \"${PODS_ROOT}/Manifest.lock\" > /dev/null\nif [ $? != 0 ] ; then\n    # print error to STDERR\n    echo \"error: The sandbox is not in sync with the Podfile.lock. Run 'pod install' or update your CocoaPods installation.\" >&2\n    exit 1\nfi\n# This output is used by Xcode 'outputs' to avoid re-running this script phase.\necho \"SUCCESS\" > \"${SCRIPT_OUTPUT_FILE_0}\"\n";
			showEnvVarsInLog = 0;
		};
		B47BEC8CDFCD9788A9550D45 /* [CP] Check Pods Manifest.lock */ = {
			isa = PBXShellScriptBuildPhase;
			buildActionMask = 2147483647;
			files = (
			);
			inputFileListPaths = (
			);
			inputPaths = (
				"${PODS_PODFILE_DIR_PATH}/Podfile.lock",
				"${PODS_ROOT}/Manifest.lock",
			);
			name = "[CP] Check Pods Manifest.lock";
			outputFileListPaths = (
			);
			outputPaths = (
				"$(DERIVED_FILE_DIR)/Pods-BicycleUITests-checkManifestLockResult.txt",
			);
			runOnlyForDeploymentPostprocessing = 0;
			shellPath = /bin/sh;
			shellScript = "diff \"${PODS_PODFILE_DIR_PATH}/Podfile.lock\" \"${PODS_ROOT}/Manifest.lock\" > /dev/null\nif [ $? != 0 ] ; then\n    # print error to STDERR\n    echo \"error: The sandbox is not in sync with the Podfile.lock. Run 'pod install' or update your CocoaPods installation.\" >&2\n    exit 1\nfi\n# This output is used by Xcode 'outputs' to avoid re-running this script phase.\necho \"SUCCESS\" > \"${SCRIPT_OUTPUT_FILE_0}\"\n";
			showEnvVarsInLog = 0;
		};
		BEFA72A6215C16DE00DE1647 /* Crashlytics */ = {
			isa = PBXShellScriptBuildPhase;
			buildActionMask = 2147483647;
			files = (
			);
			inputPaths = (
			);
			name = Crashlytics;
			outputPaths = (
			);
			runOnlyForDeploymentPostprocessing = 0;
			shellPath = /bin/sh;
			shellScript = "\"${PODS_ROOT}/Fabric/run\"\n";
		};
/* End PBXShellScriptBuildPhase section */

/* Begin PBXSourcesBuildPhase section */
		BE2E530E1F9E7A8F00806D3F /* Sources */ = {
			isa = PBXSourcesBuildPhase;
			buildActionMask = 2147483647;
			files = (
				BECC59861FA7C52C00F86703 /* SBTextField.swift in Sources */,
				BEEDAC851FA68CAA001D7765 /* CTBResponseDto.swift in Sources */,
				BEFA72A3215C130700DE1647 /* BICOnboardingViewModel.swift in Sources */,
				BEEAC46D1F9E90EA00766469 /* SBCrashReport.swift in Sources */,
				BEEDAC751FA6848F001D7765 /* BICConstants.swift in Sources */,
				BE5B5C372149A09D00F1BFB9 /* BICPreferenceRepository.swift in Sources */,
				BEEAC4681F9E8B5500766469 /* UIColor+SB.swift in Sources */,
				BE1F2FFE21503D4D0094D2DD /* BICContract+CoreDataClass.swift in Sources */,
				BEA6C8261FA11F4500C8EDA9 /* UIButton+SB.swift in Sources */,
				BEFA72A0215C12B600DE1647 /* BICDataPermissionsViewController.swift in Sources */,
				BEB4AFA821485D32006E8330 /* DI.swift in Sources */,
				BE2E53161F9E7A8F00806D3F /* AppDelegate.swift in Sources */,
				BE5B5C392149A7FF00F1BFB9 /* CityBikesDataSource.swift in Sources */,
				BE6D55471FA7D51400E7C7F2 /* UIImage+SB.swift in Sources */,
				BEB4AFAA21487523006E8330 /* SBViewModel.swift in Sources */,
				BEFA72A5215C158200DE1647 /* SBAnalytics.swift in Sources */,
				BEEDAC8A1FA68CAA001D7765 /* WSFacade.swift in Sources */,
				BE2E531E1F9E7A8F00806D3F /* Bicycle.xcdatamodeld in Sources */,
				BED81A8721C8409E00257140 /* SBConnectivity.swift in Sources */,
				BEEDAC861FA68CAA001D7765 /* CTBStationDto.swift in Sources */,
				BEB4AFA621485CC4006E8330 /* BICSplashViewModel.swift in Sources */,
				BED14B321F9E957D003FF180 /* UINavigationController+SB.swift in Sources */,
				BE5B5C3D2149B74000F1BFB9 /* BICContractsDataResponseDto.swift in Sources */,
				BED14B301F9E9395003FF180 /* String+SB.swift in Sources */,
				BE63E1251FA3BF66001B8CCB /* Date+SB.swift in Sources */,
				BECE6B1C214717E5001831AC /* UIViewController+SB.swift in Sources */,
				BEBD2316214DBBFC003F5CA0 /* BICKeys.swift in Sources */,
				BE5B5C3B2149AC8F00F1BFB9 /* BICConfigResponseDto.swift in Sources */,
				BEB4AFA321485C63006E8330 /* BICSplashViewController.swift in Sources */,
				BEEDAC791FA68B7B001D7765 /* BICStation.swift in Sources */,
				BE63E11C1FA3BE22001B8CCB /* BICContractRepository.swift in Sources */,
				BE1F30012150461A0094D2DD /* BICLocalDataSource.swift in Sources */,
				BEEDAC841FA68CAA001D7765 /* BicycleDataSource.swift in Sources */,
				BE19002C214F0B7300DDCF91 /* BICContractDto.swift in Sources */,
				BE1131DB1FA12CD50040C374 /* BICHomeViewModel.swift in Sources */,
				BEEAC4661F9E8AD200766469 /* AppDelegate+SB.swift in Sources */,
				BE63E1261FA3BF66001B8CCB /* MKCoordinateRegion+SB.swift in Sources */,
				BEBE4B2D207D5D0100A2B5E7 /* BICMapViewModel.swift in Sources */,
				BEB95FF21FA3B64D00062A88 /* BICPlace.swift in Sources */,
				BEECBB65207D5B5B004EECE1 /* BICStationAnnotation.swift in Sources */,
				BE2897492072CB5C00A90BF5 /* AlamofireObjectMapper+Rx.swift in Sources */,
				BE1F2FFF21503D4D0094D2DD /* BICContract+CoreDataProperties.swift in Sources */,
				BE63E1231FA3BF66001B8CCB /* CLLocationCoordinate2D+SB.swift in Sources */,
				BEEAC46B1F9E903B00766469 /* SBLog.swift in Sources */,
				BE63E1241FA3BF66001B8CCB /* MKMapView+SB.swift in Sources */,
				BE92ED06214C6BF000AB00CC /* RxAlamofire+SB.swift in Sources */,
				BEECBB66207D5B5B004EECE1 /* BICContractAnnotation.swift in Sources */,
				BEE87AE31F9FDF8000BBE819 /* BICHomeViewController.swift in Sources */,
				BE4637302172940100DBCD0D /* BICAboutViewController.swift in Sources */,
			);
			runOnlyForDeploymentPostprocessing = 0;
		};
		BE2E53251F9E7A8F00806D3F /* Sources */ = {
			isa = PBXSourcesBuildPhase;
			buildActionMask = 2147483647;
			files = (
				BE2E532E1F9E7A8F00806D3F /* BicycleTests.swift in Sources */,
			);
			runOnlyForDeploymentPostprocessing = 0;
		};
		BE2E53301F9E7A8F00806D3F /* Sources */ = {
			isa = PBXSourcesBuildPhase;
			buildActionMask = 2147483647;
			files = (
				BE2E53391F9E7A8F00806D3F /* BicycleUITests.swift in Sources */,
			);
			runOnlyForDeploymentPostprocessing = 0;
		};
/* End PBXSourcesBuildPhase section */

/* Begin PBXTargetDependency section */
		BE2E532B1F9E7A8F00806D3F /* PBXTargetDependency */ = {
			isa = PBXTargetDependency;
			target = BE2E53111F9E7A8F00806D3F /* Bicycle */;
			targetProxy = BE2E532A1F9E7A8F00806D3F /* PBXContainerItemProxy */;
		};
		BE2E53361F9E7A8F00806D3F /* PBXTargetDependency */ = {
			isa = PBXTargetDependency;
			target = BE2E53111F9E7A8F00806D3F /* Bicycle */;
			targetProxy = BE2E53351F9E7A8F00806D3F /* PBXContainerItemProxy */;
		};
/* End PBXTargetDependency section */

/* Begin PBXVariantGroup section */
		BEBD230D214DAB42003F5CA0 /* Localizable.strings */ = {
			isa = PBXVariantGroup;
			children = (
				BE5F1E012157CD6600187B98 /* Base */,
				BEF057BD21583E3600E34DF5 /* fr */,
			);
			name = Localizable.strings;
			sourceTree = "<group>";
		};
		BEBD2310214DAB6B003F5CA0 /* Localizable.stringsdict */ = {
			isa = PBXVariantGroup;
			children = (
				BE5F1E022157CD7200187B98 /* Base */,
				BEF057BE21583E3600E34DF5 /* fr */,
			);
			name = Localizable.stringsdict;
			sourceTree = "<group>";
		};
/* End PBXVariantGroup section */

/* Begin XCBuildConfiguration section */
		BE2E533B1F9E7A8F00806D3F /* Debug */ = {
			isa = XCBuildConfiguration;
			buildSettings = {
				ALWAYS_EMBED_SWIFT_STANDARD_LIBRARIES = YES;
				ALWAYS_SEARCH_USER_PATHS = NO;
				CLANG_ANALYZER_LOCALIZABILITY_NONLOCALIZED = YES;
				CLANG_ANALYZER_NONNULL = YES;
				CLANG_ANALYZER_NUMBER_OBJECT_CONVERSION = YES_AGGRESSIVE;
				CLANG_CXX_LANGUAGE_STANDARD = "gnu++14";
				CLANG_CXX_LIBRARY = "libc++";
				CLANG_ENABLE_MODULES = YES;
				CLANG_ENABLE_OBJC_ARC = YES;
				CLANG_WARN_BLOCK_CAPTURE_AUTORELEASING = YES;
				CLANG_WARN_BOOL_CONVERSION = YES;
				CLANG_WARN_COMMA = YES;
				CLANG_WARN_CONSTANT_CONVERSION = YES;
				CLANG_WARN_DEPRECATED_OBJC_IMPLEMENTATIONS = YES;
				CLANG_WARN_DIRECT_OBJC_ISA_USAGE = YES_ERROR;
				CLANG_WARN_DOCUMENTATION_COMMENTS = YES;
				CLANG_WARN_EMPTY_BODY = YES;
				CLANG_WARN_ENUM_CONVERSION = YES;
				CLANG_WARN_INFINITE_RECURSION = YES;
				CLANG_WARN_INT_CONVERSION = YES;
				CLANG_WARN_NON_LITERAL_NULL_CONVERSION = YES;
				CLANG_WARN_OBJC_IMPLICIT_RETAIN_SELF = YES;
				CLANG_WARN_OBJC_LITERAL_CONVERSION = YES;
				CLANG_WARN_OBJC_ROOT_CLASS = YES_ERROR;
				CLANG_WARN_RANGE_LOOP_ANALYSIS = YES;
				CLANG_WARN_STRICT_PROTOTYPES = YES;
				CLANG_WARN_SUSPICIOUS_MOVE = YES;
				CLANG_WARN_UNGUARDED_AVAILABILITY = YES_AGGRESSIVE;
				CLANG_WARN_UNREACHABLE_CODE = YES;
				CLANG_WARN__DUPLICATE_METHOD_MATCH = YES;
				CODE_SIGN_IDENTITY = "iPhone Developer";
				COPY_PHASE_STRIP = NO;
				DEBUG_INFORMATION_FORMAT = "dwarf-with-dsym";
				ENABLE_STRICT_OBJC_MSGSEND = YES;
				ENABLE_TESTABILITY = YES;
				GCC_C_LANGUAGE_STANDARD = gnu11;
				GCC_DYNAMIC_NO_PIC = NO;
				GCC_NO_COMMON_BLOCKS = YES;
				GCC_OPTIMIZATION_LEVEL = 0;
				GCC_PREPROCESSOR_DEFINITIONS = (
					"DEBUG=1",
					"$(inherited)",
				);
				GCC_WARN_64_TO_32_BIT_CONVERSION = YES;
				GCC_WARN_ABOUT_RETURN_TYPE = YES_ERROR;
				GCC_WARN_UNDECLARED_SELECTOR = YES;
				GCC_WARN_UNINITIALIZED_AUTOS = YES_AGGRESSIVE;
				GCC_WARN_UNUSED_FUNCTION = YES;
				GCC_WARN_UNUSED_VARIABLE = YES;
				IPHONEOS_DEPLOYMENT_TARGET = 10.0;
				MTL_ENABLE_DEBUG_INFO = YES;
				ONLY_ACTIVE_ARCH = YES;
				SB_CRASH_REPORT_ENABLED = false;
				SB_LOG_LEVEL = all;
				SDKROOT = iphoneos;
				SWIFT_ACTIVE_COMPILATION_CONDITIONS = DEBUG;
				SWIFT_OPTIMIZATION_LEVEL = "-Onone";
				SWIFT_VERSION = 4.2;
			};
			name = Debug;
		};
		BE2E533C1F9E7A8F00806D3F /* Release */ = {
			isa = XCBuildConfiguration;
			buildSettings = {
				ALWAYS_EMBED_SWIFT_STANDARD_LIBRARIES = YES;
				ALWAYS_SEARCH_USER_PATHS = NO;
				CLANG_ANALYZER_LOCALIZABILITY_NONLOCALIZED = YES;
				CLANG_ANALYZER_NONNULL = YES;
				CLANG_ANALYZER_NUMBER_OBJECT_CONVERSION = YES_AGGRESSIVE;
				CLANG_CXX_LANGUAGE_STANDARD = "gnu++14";
				CLANG_CXX_LIBRARY = "libc++";
				CLANG_ENABLE_MODULES = YES;
				CLANG_ENABLE_OBJC_ARC = YES;
				CLANG_WARN_BLOCK_CAPTURE_AUTORELEASING = YES;
				CLANG_WARN_BOOL_CONVERSION = YES;
				CLANG_WARN_COMMA = YES;
				CLANG_WARN_CONSTANT_CONVERSION = YES;
				CLANG_WARN_DEPRECATED_OBJC_IMPLEMENTATIONS = YES;
				CLANG_WARN_DIRECT_OBJC_ISA_USAGE = YES_ERROR;
				CLANG_WARN_DOCUMENTATION_COMMENTS = YES;
				CLANG_WARN_EMPTY_BODY = YES;
				CLANG_WARN_ENUM_CONVERSION = YES;
				CLANG_WARN_INFINITE_RECURSION = YES;
				CLANG_WARN_INT_CONVERSION = YES;
				CLANG_WARN_NON_LITERAL_NULL_CONVERSION = YES;
				CLANG_WARN_OBJC_IMPLICIT_RETAIN_SELF = YES;
				CLANG_WARN_OBJC_LITERAL_CONVERSION = YES;
				CLANG_WARN_OBJC_ROOT_CLASS = YES_ERROR;
				CLANG_WARN_RANGE_LOOP_ANALYSIS = YES;
				CLANG_WARN_STRICT_PROTOTYPES = YES;
				CLANG_WARN_SUSPICIOUS_MOVE = YES;
				CLANG_WARN_UNGUARDED_AVAILABILITY = YES_AGGRESSIVE;
				CLANG_WARN_UNREACHABLE_CODE = YES;
				CLANG_WARN__DUPLICATE_METHOD_MATCH = YES;
				CODE_SIGN_IDENTITY = "iPhone Developer";
				COPY_PHASE_STRIP = NO;
				DEBUG_INFORMATION_FORMAT = "dwarf-with-dsym";
				ENABLE_NS_ASSERTIONS = NO;
				ENABLE_STRICT_OBJC_MSGSEND = YES;
				GCC_C_LANGUAGE_STANDARD = gnu11;
				GCC_NO_COMMON_BLOCKS = YES;
				GCC_WARN_64_TO_32_BIT_CONVERSION = YES;
				GCC_WARN_ABOUT_RETURN_TYPE = YES_ERROR;
				GCC_WARN_UNDECLARED_SELECTOR = YES;
				GCC_WARN_UNINITIALIZED_AUTOS = YES_AGGRESSIVE;
				GCC_WARN_UNUSED_FUNCTION = YES;
				GCC_WARN_UNUSED_VARIABLE = YES;
				IPHONEOS_DEPLOYMENT_TARGET = 10.0;
				MTL_ENABLE_DEBUG_INFO = NO;
				SB_CRASH_REPORT_ENABLED = true;
				SB_LOG_LEVEL = debug;
				SDKROOT = iphoneos;
				SWIFT_OPTIMIZATION_LEVEL = "-Owholemodule";
				SWIFT_VERSION = 4.2;
				VALIDATE_PRODUCT = YES;
			};
			name = Release;
		};
		BE2E533E1F9E7A8F00806D3F /* Debug */ = {
			isa = XCBuildConfiguration;
			baseConfigurationReference = EB913903FC99CECC1D7BB360 /* Pods-Bicycle.debug.xcconfig */;
			buildSettings = {
				ASSETCATALOG_COMPILER_APPICON_NAME = AppIcon;
				CODE_SIGN_STYLE = Automatic;
				DEVELOPMENT_TEAM = KWBC726VHU;
				INFOPLIST_FILE = Bicycle/Info.plist;
				LD_RUNPATH_SEARCH_PATHS = "$(inherited) @executable_path/Frameworks";
				PRODUCT_BUNDLE_IDENTIFIER = SB.Bicycle;
				PRODUCT_NAME = "$(TARGET_NAME)";
				SWIFT_VERSION = 4.2;
				TARGETED_DEVICE_FAMILY = 1;
			};
			name = Debug;
		};
		BE2E533F1F9E7A8F00806D3F /* Release */ = {
			isa = XCBuildConfiguration;
			baseConfigurationReference = F6FB3CD3D77EFB9715D5A840 /* Pods-Bicycle.release.xcconfig */;
			buildSettings = {
				ASSETCATALOG_COMPILER_APPICON_NAME = AppIcon;
				CODE_SIGN_STYLE = Automatic;
				DEVELOPMENT_TEAM = KWBC726VHU;
				INFOPLIST_FILE = Bicycle/Info.plist;
				LD_RUNPATH_SEARCH_PATHS = "$(inherited) @executable_path/Frameworks";
				PRODUCT_BUNDLE_IDENTIFIER = SB.Bicycle;
				PRODUCT_NAME = "$(TARGET_NAME)";
				SWIFT_VERSION = 4.2;
				TARGETED_DEVICE_FAMILY = 1;
			};
			name = Release;
		};
		BE2E53411F9E7A8F00806D3F /* Debug */ = {
			isa = XCBuildConfiguration;
			baseConfigurationReference = 9189FABDF1EA801C59DED664 /* Pods-BicycleTests.debug.xcconfig */;
			buildSettings = {
				ALWAYS_EMBED_SWIFT_STANDARD_LIBRARIES = "$(inherited)";
				BUNDLE_LOADER = "$(TEST_HOST)";
				CODE_SIGN_STYLE = Automatic;
				DEVELOPMENT_TEAM = KWBC726VHU;
				INFOPLIST_FILE = BicycleTests/Info.plist;
				LD_RUNPATH_SEARCH_PATHS = "$(inherited) @executable_path/Frameworks @loader_path/Frameworks";
				PRODUCT_BUNDLE_IDENTIFIER = SB.BicycleTests;
				PRODUCT_NAME = "$(TARGET_NAME)";
				SWIFT_VERSION = 4.2;
				TARGETED_DEVICE_FAMILY = "1,2";
				TEST_HOST = "$(BUILT_PRODUCTS_DIR)/Bicycle.app/Bicycle";
			};
			name = Debug;
		};
		BE2E53421F9E7A8F00806D3F /* Release */ = {
			isa = XCBuildConfiguration;
			baseConfigurationReference = 0FD447EE0429E61921619208 /* Pods-BicycleTests.release.xcconfig */;
			buildSettings = {
				ALWAYS_EMBED_SWIFT_STANDARD_LIBRARIES = "$(inherited)";
				BUNDLE_LOADER = "$(TEST_HOST)";
				CODE_SIGN_STYLE = Automatic;
				DEVELOPMENT_TEAM = KWBC726VHU;
				INFOPLIST_FILE = BicycleTests/Info.plist;
				LD_RUNPATH_SEARCH_PATHS = "$(inherited) @executable_path/Frameworks @loader_path/Frameworks";
				PRODUCT_BUNDLE_IDENTIFIER = SB.BicycleTests;
				PRODUCT_NAME = "$(TARGET_NAME)";
				SWIFT_VERSION = 4.2;
				TARGETED_DEVICE_FAMILY = "1,2";
				TEST_HOST = "$(BUILT_PRODUCTS_DIR)/Bicycle.app/Bicycle";
			};
			name = Release;
		};
		BE2E53441F9E7A8F00806D3F /* Debug */ = {
			isa = XCBuildConfiguration;
			baseConfigurationReference = 14E83F2DB5A83CEB52C9F953 /* Pods-BicycleUITests.debug.xcconfig */;
			buildSettings = {
				ALWAYS_EMBED_SWIFT_STANDARD_LIBRARIES = "$(inherited)";
				CODE_SIGN_STYLE = Automatic;
				DEVELOPMENT_TEAM = KWBC726VHU;
				INFOPLIST_FILE = BicycleUITests/Info.plist;
				LD_RUNPATH_SEARCH_PATHS = "$(inherited) @executable_path/Frameworks @loader_path/Frameworks";
				PRODUCT_BUNDLE_IDENTIFIER = SB.BicycleUITests;
				PRODUCT_NAME = "$(TARGET_NAME)";
				SWIFT_VERSION = 4.2;
				TARGETED_DEVICE_FAMILY = "1,2";
				TEST_TARGET_NAME = Bicycle;
			};
			name = Debug;
		};
		BE2E53451F9E7A8F00806D3F /* Release */ = {
			isa = XCBuildConfiguration;
			baseConfigurationReference = 89985E88D922BAF3041576BE /* Pods-BicycleUITests.release.xcconfig */;
			buildSettings = {
				ALWAYS_EMBED_SWIFT_STANDARD_LIBRARIES = "$(inherited)";
				CODE_SIGN_STYLE = Automatic;
				DEVELOPMENT_TEAM = KWBC726VHU;
				INFOPLIST_FILE = BicycleUITests/Info.plist;
				LD_RUNPATH_SEARCH_PATHS = "$(inherited) @executable_path/Frameworks @loader_path/Frameworks";
				PRODUCT_BUNDLE_IDENTIFIER = SB.BicycleUITests;
				PRODUCT_NAME = "$(TARGET_NAME)";
				SWIFT_VERSION = 4.2;
				TARGETED_DEVICE_FAMILY = "1,2";
				TEST_TARGET_NAME = Bicycle;
			};
			name = Release;
		};
/* End XCBuildConfiguration section */

/* Begin XCConfigurationList section */
		BE2E530D1F9E7A8F00806D3F /* Build configuration list for PBXProject "Bicycle" */ = {
			isa = XCConfigurationList;
			buildConfigurations = (
				BE2E533B1F9E7A8F00806D3F /* Debug */,
				BE2E533C1F9E7A8F00806D3F /* Release */,
			);
			defaultConfigurationIsVisible = 0;
			defaultConfigurationName = Release;
		};
		BE2E533D1F9E7A8F00806D3F /* Build configuration list for PBXNativeTarget "Bicycle" */ = {
			isa = XCConfigurationList;
			buildConfigurations = (
				BE2E533E1F9E7A8F00806D3F /* Debug */,
				BE2E533F1F9E7A8F00806D3F /* Release */,
			);
			defaultConfigurationIsVisible = 0;
			defaultConfigurationName = Release;
		};
		BE2E53401F9E7A8F00806D3F /* Build configuration list for PBXNativeTarget "BicycleTests" */ = {
			isa = XCConfigurationList;
			buildConfigurations = (
				BE2E53411F9E7A8F00806D3F /* Debug */,
				BE2E53421F9E7A8F00806D3F /* Release */,
			);
			defaultConfigurationIsVisible = 0;
			defaultConfigurationName = Release;
		};
		BE2E53431F9E7A8F00806D3F /* Build configuration list for PBXNativeTarget "BicycleUITests" */ = {
			isa = XCConfigurationList;
			buildConfigurations = (
				BE2E53441F9E7A8F00806D3F /* Debug */,
				BE2E53451F9E7A8F00806D3F /* Release */,
			);
			defaultConfigurationIsVisible = 0;
			defaultConfigurationName = Release;
		};
/* End XCConfigurationList section */

/* Begin XCVersionGroup section */
		BE2E531C1F9E7A8F00806D3F /* Bicycle.xcdatamodeld */ = {
			isa = XCVersionGroup;
			children = (
				BE2E531D1F9E7A8F00806D3F /* Bicycle.xcdatamodel */,
			);
			currentVersion = BE2E531D1F9E7A8F00806D3F /* Bicycle.xcdatamodel */;
			path = Bicycle.xcdatamodeld;
			sourceTree = "<group>";
			versionGroupType = wrapper.xcdatamodel;
		};
/* End XCVersionGroup section */
	};
	rootObject = BE2E530A1F9E7A8F00806D3F /* Project object */;
}
