// !$*UTF8*$!
{
	archiveVersion = 1;
	classes = {
	};
	objectVersion = 48;
	objects = {

/* Begin PBXBuildFile section */
		53888D85FC91625C5E8D2E41 /* Pods_Bicycle.framework in Frameworks */ = {isa = PBXBuildFile; fileRef = 37F124D3C49B1389759B0881 /* Pods_Bicycle.framework */; };
		61AC9064EB31A64575DEE578 /* Pods_BicycleUITests.framework in Frameworks */ = {isa = PBXBuildFile; fileRef = 12CC8E9B1647C9CB1A777392 /* Pods_BicycleUITests.framework */; };
		BE08A1032064633400592B3E /* BICSearchViewModel.swift in Sources */ = {isa = PBXBuildFile; fileRef = BE08A1022064633400592B3E /* BICSearchViewModel.swift */; };
		BE1131DB1FA12CD50040C374 /* BICHomeViewModel.swift in Sources */ = {isa = PBXBuildFile; fileRef = BE1131DA1FA12CD50040C374 /* BICHomeViewModel.swift */; };
		BE1131DE1FA131D40040C374 /* BICContract.swift in Sources */ = {isa = PBXBuildFile; fileRef = BE1131DD1FA131D40040C374 /* BICContract.swift */; };
		BE2897492072CB5C00A90BF5 /* AlamofireObjectMapper+Rx.swift in Sources */ = {isa = PBXBuildFile; fileRef = BE2897482072CB5C00A90BF5 /* AlamofireObjectMapper+Rx.swift */; };
		BE2E53161F9E7A8F00806D3F /* AppDelegate.swift in Sources */ = {isa = PBXBuildFile; fileRef = BE2E53151F9E7A8F00806D3F /* AppDelegate.swift */; };
		BE2E531E1F9E7A8F00806D3F /* Bicycle.xcdatamodeld in Sources */ = {isa = PBXBuildFile; fileRef = BE2E531C1F9E7A8F00806D3F /* Bicycle.xcdatamodeld */; };
		BE2E53201F9E7A8F00806D3F /* Assets.xcassets in Resources */ = {isa = PBXBuildFile; fileRef = BE2E531F1F9E7A8F00806D3F /* Assets.xcassets */; };
		BE2E53231F9E7A8F00806D3F /* LaunchScreen.storyboard in Resources */ = {isa = PBXBuildFile; fileRef = BE2E53211F9E7A8F00806D3F /* LaunchScreen.storyboard */; };
		BE2E532E1F9E7A8F00806D3F /* BicycleTests.swift in Sources */ = {isa = PBXBuildFile; fileRef = BE2E532D1F9E7A8F00806D3F /* BicycleTests.swift */; };
		BE2E53391F9E7A8F00806D3F /* BicycleUITests.swift in Sources */ = {isa = PBXBuildFile; fileRef = BE2E53381F9E7A8F00806D3F /* BicycleUITests.swift */; };
		BE63E11C1FA3BE22001B8CCB /* BICContractService.swift in Sources */ = {isa = PBXBuildFile; fileRef = BE63E11B1FA3BE22001B8CCB /* BICContractService.swift */; };
		BE63E1231FA3BF66001B8CCB /* CLLocationCoordinate2D+SB.swift in Sources */ = {isa = PBXBuildFile; fileRef = BE63E11F1FA3BF66001B8CCB /* CLLocationCoordinate2D+SB.swift */; };
		BE63E1241FA3BF66001B8CCB /* MKMapView+SB.swift in Sources */ = {isa = PBXBuildFile; fileRef = BE63E1201FA3BF66001B8CCB /* MKMapView+SB.swift */; };
		BE63E1251FA3BF66001B8CCB /* Date+SB.swift in Sources */ = {isa = PBXBuildFile; fileRef = BE63E1211FA3BF66001B8CCB /* Date+SB.swift */; };
		BE63E1261FA3BF66001B8CCB /* MKCoordinateRegion+SB.swift in Sources */ = {isa = PBXBuildFile; fileRef = BE63E1221FA3BF66001B8CCB /* MKCoordinateRegion+SB.swift */; };
		BE6D55471FA7D51400E7C7F2 /* UIImage+SB.swift in Sources */ = {isa = PBXBuildFile; fileRef = BE6D55461FA7D51400E7C7F2 /* UIImage+SB.swift */; };
		BE6D55491FA7D7D500E7C7F2 /* Localizable.strings in Resources */ = {isa = PBXBuildFile; fileRef = BE6D55481FA7D7D500E7C7F2 /* Localizable.strings */; };
		BE6D554B1FA7E25200E7C7F2 /* Contracts.json in Resources */ = {isa = PBXBuildFile; fileRef = BE6D554A1FA7E25200E7C7F2 /* Contracts.json */; };
		BEA6C8261FA11F4500C8EDA9 /* UIButton+SB.swift in Sources */ = {isa = PBXBuildFile; fileRef = BEA6C8251FA11F4500C8EDA9 /* UIButton+SB.swift */; };
		BEB95FF21FA3B64D00062A88 /* BICPlace.swift in Sources */ = {isa = PBXBuildFile; fileRef = BEB95FF11FA3B64D00062A88 /* BICPlace.swift */; };
		BECC59861FA7C52C00F86703 /* SBTextField.swift in Sources */ = {isa = PBXBuildFile; fileRef = BECC59851FA7C52C00F86703 /* SBTextField.swift */; };
		BECF25D61FA69482005958D2 /* BICContractAnnotation.swift in Sources */ = {isa = PBXBuildFile; fileRef = BECF25D51FA69482005958D2 /* BICContractAnnotation.swift */; };
		BECF25D81FA694FE005958D2 /* BICStationAnnotation.swift in Sources */ = {isa = PBXBuildFile; fileRef = BECF25D71FA694FE005958D2 /* BICStationAnnotation.swift */; };
		BED14B301F9E9395003FF180 /* String+SB.swift in Sources */ = {isa = PBXBuildFile; fileRef = BED14B2F1F9E9395003FF180 /* String+SB.swift */; };
		BED14B321F9E957D003FF180 /* UINavigationController+SB.swift in Sources */ = {isa = PBXBuildFile; fileRef = BED14B311F9E957D003FF180 /* UINavigationController+SB.swift */; };
		BEE87AE31F9FDF8000BBE819 /* BICHomeViewController.swift in Sources */ = {isa = PBXBuildFile; fileRef = BEE87AE11F9FDF8000BBE819 /* BICHomeViewController.swift */; };
		BEE87AE41F9FDF8000BBE819 /* BICHomeViewController.xib in Resources */ = {isa = PBXBuildFile; fileRef = BEE87AE21F9FDF8000BBE819 /* BICHomeViewController.xib */; };
		BEEAC4661F9E8AD200766469 /* AppDelegate+SB.swift in Sources */ = {isa = PBXBuildFile; fileRef = BEEAC4651F9E8AD200766469 /* AppDelegate+SB.swift */; };
		BEEAC4681F9E8B5500766469 /* UIColor+SB.swift in Sources */ = {isa = PBXBuildFile; fileRef = BEEAC4671F9E8B5500766469 /* UIColor+SB.swift */; };
		BEEAC46B1F9E903B00766469 /* SBLog.swift in Sources */ = {isa = PBXBuildFile; fileRef = BEEAC46A1F9E903B00766469 /* SBLog.swift */; };
		BEEAC46D1F9E90EA00766469 /* SBCrashReport.swift in Sources */ = {isa = PBXBuildFile; fileRef = BEEAC46C1F9E90EA00766469 /* SBCrashReport.swift */; };
		BEEDAC751FA6848F001D7765 /* BICConstants.swift in Sources */ = {isa = PBXBuildFile; fileRef = BEEDAC741FA6848F001D7765 /* BICConstants.swift */; };
		BEEDAC771FA68B00001D7765 /* BICStationService.swift in Sources */ = {isa = PBXBuildFile; fileRef = BEEDAC761FA68B00001D7765 /* BICStationService.swift */; };
		BEEDAC791FA68B7B001D7765 /* BICStation.swift in Sources */ = {isa = PBXBuildFile; fileRef = BEEDAC781FA68B7B001D7765 /* BICStation.swift */; };
		BEEDAC841FA68CAA001D7765 /* CityBikesRestClient.swift in Sources */ = {isa = PBXBuildFile; fileRef = BEEDAC7D1FA68CAA001D7765 /* CityBikesRestClient.swift */; };
		BEEDAC851FA68CAA001D7765 /* CTBResponseDto.swift in Sources */ = {isa = PBXBuildFile; fileRef = BEEDAC7E1FA68CAA001D7765 /* CTBResponseDto.swift */; };
		BEEDAC861FA68CAA001D7765 /* CTBStationDto.swift in Sources */ = {isa = PBXBuildFile; fileRef = BEEDAC7F1FA68CAA001D7765 /* CTBStationDto.swift */; };
		BEEDAC891FA68CAA001D7765 /* BICContractProviderSerializer.swift in Sources */ = {isa = PBXBuildFile; fileRef = BEEDAC821FA68CAA001D7765 /* BICContractProviderSerializer.swift */; };
		BEEDAC8A1FA68CAA001D7765 /* WSFacade.swift in Sources */ = {isa = PBXBuildFile; fileRef = BEEDAC831FA68CAA001D7765 /* WSFacade.swift */; };
		DACDA7F1A563E15BAD4C3BF6 /* Pods_BicycleTests.framework in Frameworks */ = {isa = PBXBuildFile; fileRef = CD0035BD9007E7FDD160964C /* Pods_BicycleTests.framework */; };
/* End PBXBuildFile section */

/* Begin PBXContainerItemProxy section */
		BE2E532A1F9E7A8F00806D3F /* PBXContainerItemProxy */ = {
			isa = PBXContainerItemProxy;
			containerPortal = BE2E530A1F9E7A8F00806D3F /* Project object */;
			proxyType = 1;
			remoteGlobalIDString = BE2E53111F9E7A8F00806D3F;
			remoteInfo = Bicycle;
		};
		BE2E53351F9E7A8F00806D3F /* PBXContainerItemProxy */ = {
			isa = PBXContainerItemProxy;
			containerPortal = BE2E530A1F9E7A8F00806D3F /* Project object */;
			proxyType = 1;
			remoteGlobalIDString = BE2E53111F9E7A8F00806D3F;
			remoteInfo = Bicycle;
		};
/* End PBXContainerItemProxy section */

/* Begin PBXFileReference section */
		06D027267E5B434389527636 /* Pods-BicycleTests.release.xcconfig */ = {isa = PBXFileReference; includeInIndex = 1; lastKnownFileType = text.xcconfig; name = "Pods-BicycleTests.release.xcconfig"; path = "Pods/Target Support Files/Pods-BicycleTests/Pods-BicycleTests.release.xcconfig"; sourceTree = "<group>"; };
		12CC8E9B1647C9CB1A777392 /* Pods_BicycleUITests.framework */ = {isa = PBXFileReference; explicitFileType = wrapper.framework; includeInIndex = 0; path = Pods_BicycleUITests.framework; sourceTree = BUILT_PRODUCTS_DIR; };
		1FEB6F8332C6AE93DC4EF60F /* Pods-BicycleUITests.release.xcconfig */ = {isa = PBXFileReference; includeInIndex = 1; lastKnownFileType = text.xcconfig; name = "Pods-BicycleUITests.release.xcconfig"; path = "Pods/Target Support Files/Pods-BicycleUITests/Pods-BicycleUITests.release.xcconfig"; sourceTree = "<group>"; };
		37F124D3C49B1389759B0881 /* Pods_Bicycle.framework */ = {isa = PBXFileReference; explicitFileType = wrapper.framework; includeInIndex = 0; path = Pods_Bicycle.framework; sourceTree = BUILT_PRODUCTS_DIR; };
		41231484E4A4329BB739FDF5 /* Pods-Bicycle.release.xcconfig */ = {isa = PBXFileReference; includeInIndex = 1; lastKnownFileType = text.xcconfig; name = "Pods-Bicycle.release.xcconfig"; path = "Pods/Target Support Files/Pods-Bicycle/Pods-Bicycle.release.xcconfig"; sourceTree = "<group>"; };
		4B196CD00677D992327C305C /* Pods-BicycleTests.debug.xcconfig */ = {isa = PBXFileReference; includeInIndex = 1; lastKnownFileType = text.xcconfig; name = "Pods-BicycleTests.debug.xcconfig"; path = "Pods/Target Support Files/Pods-BicycleTests/Pods-BicycleTests.debug.xcconfig"; sourceTree = "<group>"; };
		ACB702E31DE218F1C38443F9 /* Pods-BicycleUITests.debug.xcconfig */ = {isa = PBXFileReference; includeInIndex = 1; lastKnownFileType = text.xcconfig; name = "Pods-BicycleUITests.debug.xcconfig"; path = "Pods/Target Support Files/Pods-BicycleUITests/Pods-BicycleUITests.debug.xcconfig"; sourceTree = "<group>"; };
		BE08A1022064633400592B3E /* BICSearchViewModel.swift */ = {isa = PBXFileReference; lastKnownFileType = sourcecode.swift; path = BICSearchViewModel.swift; sourceTree = "<group>"; };
		BE1131DA1FA12CD50040C374 /* BICHomeViewModel.swift */ = {isa = PBXFileReference; lastKnownFileType = sourcecode.swift; path = BICHomeViewModel.swift; sourceTree = "<group>"; };
		BE1131DD1FA131D40040C374 /* BICContract.swift */ = {isa = PBXFileReference; lastKnownFileType = sourcecode.swift; path = BICContract.swift; sourceTree = "<group>"; };
		BE1131DF1FA137890040C374 /* Toulouse.gpx */ = {isa = PBXFileReference; lastKnownFileType = text.xml; path = Toulouse.gpx; sourceTree = "<group>"; };
		BE2897482072CB5C00A90BF5 /* AlamofireObjectMapper+Rx.swift */ = {isa = PBXFileReference; lastKnownFileType = sourcecode.swift; path = "AlamofireObjectMapper+Rx.swift"; sourceTree = "<group>"; };
		BE2E53121F9E7A8F00806D3F /* Bicycle.app */ = {isa = PBXFileReference; explicitFileType = wrapper.application; includeInIndex = 0; path = Bicycle.app; sourceTree = BUILT_PRODUCTS_DIR; };
		BE2E53151F9E7A8F00806D3F /* AppDelegate.swift */ = {isa = PBXFileReference; lastKnownFileType = sourcecode.swift; path = AppDelegate.swift; sourceTree = "<group>"; };
		BE2E531D1F9E7A8F00806D3F /* Bicycle.xcdatamodel */ = {isa = PBXFileReference; lastKnownFileType = wrapper.xcdatamodel; path = Bicycle.xcdatamodel; sourceTree = "<group>"; };
		BE2E531F1F9E7A8F00806D3F /* Assets.xcassets */ = {isa = PBXFileReference; lastKnownFileType = folder.assetcatalog; path = Assets.xcassets; sourceTree = "<group>"; };
		BE2E53221F9E7A8F00806D3F /* Base */ = {isa = PBXFileReference; lastKnownFileType = file.storyboard; name = Base; path = Base.lproj/LaunchScreen.storyboard; sourceTree = "<group>"; };
		BE2E53241F9E7A8F00806D3F /* Info.plist */ = {isa = PBXFileReference; lastKnownFileType = text.plist.xml; path = Info.plist; sourceTree = "<group>"; };
		BE2E53291F9E7A8F00806D3F /* BicycleTests.xctest */ = {isa = PBXFileReference; explicitFileType = wrapper.cfbundle; includeInIndex = 0; path = BicycleTests.xctest; sourceTree = BUILT_PRODUCTS_DIR; };
		BE2E532D1F9E7A8F00806D3F /* BicycleTests.swift */ = {isa = PBXFileReference; lastKnownFileType = sourcecode.swift; path = BicycleTests.swift; sourceTree = "<group>"; };
		BE2E532F1F9E7A8F00806D3F /* Info.plist */ = {isa = PBXFileReference; lastKnownFileType = text.plist.xml; path = Info.plist; sourceTree = "<group>"; };
		BE2E53341F9E7A8F00806D3F /* BicycleUITests.xctest */ = {isa = PBXFileReference; explicitFileType = wrapper.cfbundle; includeInIndex = 0; path = BicycleUITests.xctest; sourceTree = BUILT_PRODUCTS_DIR; };
		BE2E53381F9E7A8F00806D3F /* BicycleUITests.swift */ = {isa = PBXFileReference; lastKnownFileType = sourcecode.swift; path = BicycleUITests.swift; sourceTree = "<group>"; };
		BE2E533A1F9E7A8F00806D3F /* Info.plist */ = {isa = PBXFileReference; lastKnownFileType = text.plist.xml; path = Info.plist; sourceTree = "<group>"; };
		BE63E11B1FA3BE22001B8CCB /* BICContractService.swift */ = {isa = PBXFileReference; lastKnownFileType = sourcecode.swift; path = BICContractService.swift; sourceTree = "<group>"; };
		BE63E11F1FA3BF66001B8CCB /* CLLocationCoordinate2D+SB.swift */ = {isa = PBXFileReference; fileEncoding = 4; lastKnownFileType = sourcecode.swift; path = "CLLocationCoordinate2D+SB.swift"; sourceTree = "<group>"; };
		BE63E1201FA3BF66001B8CCB /* MKMapView+SB.swift */ = {isa = PBXFileReference; fileEncoding = 4; lastKnownFileType = sourcecode.swift; path = "MKMapView+SB.swift"; sourceTree = "<group>"; };
		BE63E1211FA3BF66001B8CCB /* Date+SB.swift */ = {isa = PBXFileReference; fileEncoding = 4; lastKnownFileType = sourcecode.swift; path = "Date+SB.swift"; sourceTree = "<group>"; };
		BE63E1221FA3BF66001B8CCB /* MKCoordinateRegion+SB.swift */ = {isa = PBXFileReference; fileEncoding = 4; lastKnownFileType = sourcecode.swift; path = "MKCoordinateRegion+SB.swift"; sourceTree = "<group>"; };
		BE6D55461FA7D51400E7C7F2 /* UIImage+SB.swift */ = {isa = PBXFileReference; lastKnownFileType = sourcecode.swift; path = "UIImage+SB.swift"; sourceTree = "<group>"; };
		BE6D55481FA7D7D500E7C7F2 /* Localizable.strings */ = {isa = PBXFileReference; fileEncoding = 4; lastKnownFileType = text.plist.strings; path = Localizable.strings; sourceTree = "<group>"; };
		BE6D554A1FA7E25200E7C7F2 /* Contracts.json */ = {isa = PBXFileReference; fileEncoding = 4; lastKnownFileType = text.json; path = Contracts.json; sourceTree = "<group>"; };
		BEA6C8251FA11F4500C8EDA9 /* UIButton+SB.swift */ = {isa = PBXFileReference; lastKnownFileType = sourcecode.swift; path = "UIButton+SB.swift"; sourceTree = "<group>"; };
		BEB95FF11FA3B64D00062A88 /* BICPlace.swift */ = {isa = PBXFileReference; lastKnownFileType = sourcecode.swift; path = BICPlace.swift; sourceTree = "<group>"; };
		BECC59851FA7C52C00F86703 /* SBTextField.swift */ = {isa = PBXFileReference; lastKnownFileType = sourcecode.swift; path = SBTextField.swift; sourceTree = "<group>"; };
		BECF25D51FA69482005958D2 /* BICContractAnnotation.swift */ = {isa = PBXFileReference; lastKnownFileType = sourcecode.swift; path = BICContractAnnotation.swift; sourceTree = "<group>"; };
		BECF25D71FA694FE005958D2 /* BICStationAnnotation.swift */ = {isa = PBXFileReference; lastKnownFileType = sourcecode.swift; path = BICStationAnnotation.swift; sourceTree = "<group>"; };
		BED14B2F1F9E9395003FF180 /* String+SB.swift */ = {isa = PBXFileReference; lastKnownFileType = sourcecode.swift; path = "String+SB.swift"; sourceTree = "<group>"; };
		BED14B311F9E957D003FF180 /* UINavigationController+SB.swift */ = {isa = PBXFileReference; lastKnownFileType = sourcecode.swift; path = "UINavigationController+SB.swift"; sourceTree = "<group>"; };
		BEE87AE11F9FDF8000BBE819 /* BICHomeViewController.swift */ = {isa = PBXFileReference; lastKnownFileType = sourcecode.swift; path = BICHomeViewController.swift; sourceTree = "<group>"; };
		BEE87AE21F9FDF8000BBE819 /* BICHomeViewController.xib */ = {isa = PBXFileReference; lastKnownFileType = file.xib; path = BICHomeViewController.xib; sourceTree = "<group>"; };
		BEEAC4651F9E8AD200766469 /* AppDelegate+SB.swift */ = {isa = PBXFileReference; lastKnownFileType = sourcecode.swift; path = "AppDelegate+SB.swift"; sourceTree = "<group>"; };
		BEEAC4671F9E8B5500766469 /* UIColor+SB.swift */ = {isa = PBXFileReference; lastKnownFileType = sourcecode.swift; path = "UIColor+SB.swift"; sourceTree = "<group>"; };
		BEEAC46A1F9E903B00766469 /* SBLog.swift */ = {isa = PBXFileReference; lastKnownFileType = sourcecode.swift; path = SBLog.swift; sourceTree = "<group>"; };
		BEEAC46C1F9E90EA00766469 /* SBCrashReport.swift */ = {isa = PBXFileReference; lastKnownFileType = sourcecode.swift; path = SBCrashReport.swift; sourceTree = "<group>"; };
		BEEDAC741FA6848F001D7765 /* BICConstants.swift */ = {isa = PBXFileReference; lastKnownFileType = sourcecode.swift; path = BICConstants.swift; sourceTree = "<group>"; };
		BEEDAC761FA68B00001D7765 /* BICStationService.swift */ = {isa = PBXFileReference; lastKnownFileType = sourcecode.swift; path = BICStationService.swift; sourceTree = "<group>"; };
		BEEDAC781FA68B7B001D7765 /* BICStation.swift */ = {isa = PBXFileReference; lastKnownFileType = sourcecode.swift; path = BICStation.swift; sourceTree = "<group>"; };
		BEEDAC7D1FA68CAA001D7765 /* CityBikesRestClient.swift */ = {isa = PBXFileReference; fileEncoding = 4; lastKnownFileType = sourcecode.swift; path = CityBikesRestClient.swift; sourceTree = "<group>"; };
		BEEDAC7E1FA68CAA001D7765 /* CTBResponseDto.swift */ = {isa = PBXFileReference; fileEncoding = 4; lastKnownFileType = sourcecode.swift; path = CTBResponseDto.swift; sourceTree = "<group>"; };
		BEEDAC7F1FA68CAA001D7765 /* CTBStationDto.swift */ = {isa = PBXFileReference; fileEncoding = 4; lastKnownFileType = sourcecode.swift; path = CTBStationDto.swift; sourceTree = "<group>"; };
		BEEDAC821FA68CAA001D7765 /* BICContractProviderSerializer.swift */ = {isa = PBXFileReference; fileEncoding = 4; lastKnownFileType = sourcecode.swift; path = BICContractProviderSerializer.swift; sourceTree = "<group>"; };
		BEEDAC831FA68CAA001D7765 /* WSFacade.swift */ = {isa = PBXFileReference; fileEncoding = 4; lastKnownFileType = sourcecode.swift; path = WSFacade.swift; sourceTree = "<group>"; };
		CD0035BD9007E7FDD160964C /* Pods_BicycleTests.framework */ = {isa = PBXFileReference; explicitFileType = wrapper.framework; includeInIndex = 0; path = Pods_BicycleTests.framework; sourceTree = BUILT_PRODUCTS_DIR; };
		F64D9C17E0DAB4B11EA78BB8 /* Pods-Bicycle.debug.xcconfig */ = {isa = PBXFileReference; includeInIndex = 1; lastKnownFileType = text.xcconfig; name = "Pods-Bicycle.debug.xcconfig"; path = "Pods/Target Support Files/Pods-Bicycle/Pods-Bicycle.debug.xcconfig"; sourceTree = "<group>"; };
/* End PBXFileReference section */

/* Begin PBXFrameworksBuildPhase section */
		BE2E530F1F9E7A8F00806D3F /* Frameworks */ = {
			isa = PBXFrameworksBuildPhase;
			buildActionMask = 2147483647;
			files = (
				53888D85FC91625C5E8D2E41 /* Pods_Bicycle.framework in Frameworks */,
			);
			runOnlyForDeploymentPostprocessing = 0;
		};
		BE2E53261F9E7A8F00806D3F /* Frameworks */ = {
			isa = PBXFrameworksBuildPhase;
			buildActionMask = 2147483647;
			files = (
				DACDA7F1A563E15BAD4C3BF6 /* Pods_BicycleTests.framework in Frameworks */,
			);
			runOnlyForDeploymentPostprocessing = 0;
		};
		BE2E53311F9E7A8F00806D3F /* Frameworks */ = {
			isa = PBXFrameworksBuildPhase;
			buildActionMask = 2147483647;
			files = (
				61AC9064EB31A64575DEE578 /* Pods_BicycleUITests.framework in Frameworks */,
			);
			runOnlyForDeploymentPostprocessing = 0;
		};
/* End PBXFrameworksBuildPhase section */

/* Begin PBXGroup section */
		65D73E900559F36C8A017EC3 /* Pods */ = {
			isa = PBXGroup;
			children = (
				F64D9C17E0DAB4B11EA78BB8 /* Pods-Bicycle.debug.xcconfig */,
				41231484E4A4329BB739FDF5 /* Pods-Bicycle.release.xcconfig */,
				4B196CD00677D992327C305C /* Pods-BicycleTests.debug.xcconfig */,
				06D027267E5B434389527636 /* Pods-BicycleTests.release.xcconfig */,
				ACB702E31DE218F1C38443F9 /* Pods-BicycleUITests.debug.xcconfig */,
				1FEB6F8332C6AE93DC4EF60F /* Pods-BicycleUITests.release.xcconfig */,
			);
			name = Pods;
			sourceTree = "<group>";
		};
		A5A85F543DD01D8F2E4C9B8F /* Frameworks */ = {
			isa = PBXGroup;
			children = (
				37F124D3C49B1389759B0881 /* Pods_Bicycle.framework */,
				CD0035BD9007E7FDD160964C /* Pods_BicycleTests.framework */,
				12CC8E9B1647C9CB1A777392 /* Pods_BicycleUITests.framework */,
			);
			name = Frameworks;
			sourceTree = "<group>";
		};
		BE1131D91FA12CBC0040C374 /* ViewModels */ = {
			isa = PBXGroup;
			children = (
				BE1131DA1FA12CD50040C374 /* BICHomeViewModel.swift */,
				BE08A1022064633400592B3E /* BICSearchViewModel.swift */,
			);
			path = ViewModels;
			sourceTree = "<group>";
		};
		BE1131DC1FA131BF0040C374 /* Data */ = {
			isa = PBXGroup;
			children = (
				BE1131DD1FA131D40040C374 /* BICContract.swift */,
				BEB95FF11FA3B64D00062A88 /* BICPlace.swift */,
				BEEDAC781FA68B7B001D7765 /* BICStation.swift */,
			);
			path = Data;
			sourceTree = "<group>";
		};
		BE2E53091F9E7A8F00806D3F = {
			isa = PBXGroup;
			children = (
				BE2E53141F9E7A8F00806D3F /* Bicycle */,
				BE2E532C1F9E7A8F00806D3F /* BicycleTests */,
				BE2E53371F9E7A8F00806D3F /* BicycleUITests */,
				BE2E53131F9E7A8F00806D3F /* Products */,
				65D73E900559F36C8A017EC3 /* Pods */,
				A5A85F543DD01D8F2E4C9B8F /* Frameworks */,
			);
			sourceTree = "<group>";
		};
		BE2E53131F9E7A8F00806D3F /* Products */ = {
			isa = PBXGroup;
			children = (
				BE2E53121F9E7A8F00806D3F /* Bicycle.app */,
				BE2E53291F9E7A8F00806D3F /* BicycleTests.xctest */,
				BE2E53341F9E7A8F00806D3F /* BicycleUITests.xctest */,
			);
			name = Products;
			sourceTree = "<group>";
		};
		BE2E53141F9E7A8F00806D3F /* Bicycle */ = {
			isa = PBXGroup;
			children = (
				BE1131DC1FA131BF0040C374 /* Data */,
				BEEAC4641F9E8A9100766469 /* Extensions */,
				BEEDAC7C1FA68CAA001D7765 /* IO */,
				BEEAC4691F9E902100766469 /* Misc */,
				BE63E11A1FA3BE02001B8CCB /* Services */,
				BE9E48B11F9FD438000EF9DC /* UI */,
				BE2E53151F9E7A8F00806D3F /* AppDelegate.swift */,
				BE2E531F1F9E7A8F00806D3F /* Assets.xcassets */,
				BE2E53211F9E7A8F00806D3F /* LaunchScreen.storyboard */,
				BE2E53241F9E7A8F00806D3F /* Info.plist */,
				BE6D55481FA7D7D500E7C7F2 /* Localizable.strings */,
				BE2E531C1F9E7A8F00806D3F /* Bicycle.xcdatamodeld */,
				BE6D554A1FA7E25200E7C7F2 /* Contracts.json */,
				BE1131DF1FA137890040C374 /* Toulouse.gpx */,
			);
			path = Bicycle;
			sourceTree = "<group>";
		};
		BE2E532C1F9E7A8F00806D3F /* BicycleTests */ = {
			isa = PBXGroup;
			children = (
				BE2E532D1F9E7A8F00806D3F /* BicycleTests.swift */,
				BE2E532F1F9E7A8F00806D3F /* Info.plist */,
			);
			path = BicycleTests;
			sourceTree = "<group>";
		};
		BE2E53371F9E7A8F00806D3F /* BicycleUITests */ = {
			isa = PBXGroup;
			children = (
				BE2E53381F9E7A8F00806D3F /* BicycleUITests.swift */,
				BE2E533A1F9E7A8F00806D3F /* Info.plist */,
			);
			path = BicycleUITests;
			sourceTree = "<group>";
		};
		BE63E11A1FA3BE02001B8CCB /* Services */ = {
			isa = PBXGroup;
			children = (
				BE63E11B1FA3BE22001B8CCB /* BICContractService.swift */,
				BEEDAC761FA68B00001D7765 /* BICStationService.swift */,
			);
			path = Services;
			sourceTree = "<group>";
		};
		BE9E48B11F9FD438000EF9DC /* UI */ = {
			isa = PBXGroup;
			children = (
				BE1131D91FA12CBC0040C374 /* ViewModels */,
				BEE87AE01F9FDF4B00BBE819 /* Views */,
				BECC59841FA7C50500F86703 /* Widgets */,
				BECF25D51FA69482005958D2 /* BICContractAnnotation.swift */,
				BECF25D71FA694FE005958D2 /* BICStationAnnotation.swift */,
			);
			path = UI;
			sourceTree = "<group>";
		};
		BECC59841FA7C50500F86703 /* Widgets */ = {
			isa = PBXGroup;
			children = (
				BECC59851FA7C52C00F86703 /* SBTextField.swift */,
			);
			path = Widgets;
			sourceTree = "<group>";
		};
		BEE87AE01F9FDF4B00BBE819 /* Views */ = {
			isa = PBXGroup;
			children = (
				BEE87AE11F9FDF8000BBE819 /* BICHomeViewController.swift */,
				BEE87AE21F9FDF8000BBE819 /* BICHomeViewController.xib */,
			);
			path = Views;
			sourceTree = "<group>";
		};
		BEEAC4641F9E8A9100766469 /* Extensions */ = {
			isa = PBXGroup;
			children = (
				BEEAC4651F9E8AD200766469 /* AppDelegate+SB.swift */,
				BE63E1211FA3BF66001B8CCB /* Date+SB.swift */,
				BED14B2F1F9E9395003FF180 /* String+SB.swift */,
				BE63E11F1FA3BF66001B8CCB /* CLLocationCoordinate2D+SB.swift */,
				BE63E1221FA3BF66001B8CCB /* MKCoordinateRegion+SB.swift */,
				BE63E1201FA3BF66001B8CCB /* MKMapView+SB.swift */,
				BEA6C8251FA11F4500C8EDA9 /* UIButton+SB.swift */,
				BEEAC4671F9E8B5500766469 /* UIColor+SB.swift */,
				BED14B311F9E957D003FF180 /* UINavigationController+SB.swift */,
				BE6D55461FA7D51400E7C7F2 /* UIImage+SB.swift */,
				BE2897482072CB5C00A90BF5 /* AlamofireObjectMapper+Rx.swift */,
			);
			path = Extensions;
			sourceTree = "<group>";
		};
		BEEAC4691F9E902100766469 /* Misc */ = {
			isa = PBXGroup;
			children = (
				BEEDAC741FA6848F001D7765 /* BICConstants.swift */,
				BEEAC46A1F9E903B00766469 /* SBLog.swift */,
				BEEAC46C1F9E90EA00766469 /* SBCrashReport.swift */,
			);
			path = Misc;
			sourceTree = "<group>";
		};
		BEEDAC7C1FA68CAA001D7765 /* IO */ = {
			isa = PBXGroup;
			children = (
				BEEDAC7D1FA68CAA001D7765 /* CityBikesRestClient.swift */,
				BEEDAC7E1FA68CAA001D7765 /* CTBResponseDto.swift */,
				BEEDAC7F1FA68CAA001D7765 /* CTBStationDto.swift */,
				BEEDAC821FA68CAA001D7765 /* BICContractProviderSerializer.swift */,
				BEEDAC831FA68CAA001D7765 /* WSFacade.swift */,
			);
			path = IO;
			sourceTree = "<group>";
		};
/* End PBXGroup section */

/* Begin PBXNativeTarget section */
		BE2E53111F9E7A8F00806D3F /* Bicycle */ = {
			isa = PBXNativeTarget;
			buildConfigurationList = BE2E533D1F9E7A8F00806D3F /* Build configuration list for PBXNativeTarget "Bicycle" */;
			buildPhases = (
				CA692A50DD7F701660402D0E /* [CP] Check Pods Manifest.lock */,
				BE2E530E1F9E7A8F00806D3F /* Sources */,
				BE2E530F1F9E7A8F00806D3F /* Frameworks */,
				BE2E53101F9E7A8F00806D3F /* Resources */,
				398889356881975945F9BD88 /* [CP] Embed Pods Frameworks */,
				491AE243CA9A88E8E14EF2ED /* [CP] Copy Pods Resources */,
			);
			buildRules = (
			);
			dependencies = (
			);
			name = Bicycle;
			productName = Bicycle;
			productReference = BE2E53121F9E7A8F00806D3F /* Bicycle.app */;
			productType = "com.apple.product-type.application";
		};
		BE2E53281F9E7A8F00806D3F /* BicycleTests */ = {
			isa = PBXNativeTarget;
			buildConfigurationList = BE2E53401F9E7A8F00806D3F /* Build configuration list for PBXNativeTarget "BicycleTests" */;
			buildPhases = (
				4BDECDCF92680498D5AEE407 /* [CP] Check Pods Manifest.lock */,
				BE2E53251F9E7A8F00806D3F /* Sources */,
				BE2E53261F9E7A8F00806D3F /* Frameworks */,
				BE2E53271F9E7A8F00806D3F /* Resources */,
				ECD7756A1854A55EB664CB99 /* [CP] Embed Pods Frameworks */,
				E0A9111345447137C4E6C75F /* [CP] Copy Pods Resources */,
			);
			buildRules = (
			);
			dependencies = (
				BE2E532B1F9E7A8F00806D3F /* PBXTargetDependency */,
			);
			name = BicycleTests;
			productName = BicycleTests;
			productReference = BE2E53291F9E7A8F00806D3F /* BicycleTests.xctest */;
			productType = "com.apple.product-type.bundle.unit-test";
		};
		BE2E53331F9E7A8F00806D3F /* BicycleUITests */ = {
			isa = PBXNativeTarget;
			buildConfigurationList = BE2E53431F9E7A8F00806D3F /* Build configuration list for PBXNativeTarget "BicycleUITests" */;
			buildPhases = (
				1D7745F89B2CF9F276F82B60 /* [CP] Check Pods Manifest.lock */,
				BE2E53301F9E7A8F00806D3F /* Sources */,
				BE2E53311F9E7A8F00806D3F /* Frameworks */,
				BE2E53321F9E7A8F00806D3F /* Resources */,
				8A8BD55EB2EA49602AD41DC6 /* [CP] Embed Pods Frameworks */,
				37AA0A3A15B9008B1F29F6B1 /* [CP] Copy Pods Resources */,
			);
			buildRules = (
			);
			dependencies = (
				BE2E53361F9E7A8F00806D3F /* PBXTargetDependency */,
			);
			name = BicycleUITests;
			productName = BicycleUITests;
			productReference = BE2E53341F9E7A8F00806D3F /* BicycleUITests.xctest */;
			productType = "com.apple.product-type.bundle.ui-testing";
		};
/* End PBXNativeTarget section */

/* Begin PBXProject section */
		BE2E530A1F9E7A8F00806D3F /* Project object */ = {
			isa = PBXProject;
			attributes = {
				LastSwiftUpdateCheck = 0900;
				LastUpgradeCheck = 0930;
				ORGANIZATIONNAME = "Sébastien BALARD";
				TargetAttributes = {
					BE2E53111F9E7A8F00806D3F = {
						CreatedOnToolsVersion = 9.0.1;
						ProvisioningStyle = Automatic;
					};
					BE2E53281F9E7A8F00806D3F = {
						CreatedOnToolsVersion = 9.0.1;
						ProvisioningStyle = Automatic;
						TestTargetID = BE2E53111F9E7A8F00806D3F;
					};
					BE2E53331F9E7A8F00806D3F = {
						CreatedOnToolsVersion = 9.0.1;
						ProvisioningStyle = Automatic;
						TestTargetID = BE2E53111F9E7A8F00806D3F;
					};
				};
			};
			buildConfigurationList = BE2E530D1F9E7A8F00806D3F /* Build configuration list for PBXProject "Bicycle" */;
			compatibilityVersion = "Xcode 8.0";
			developmentRegion = en;
			hasScannedForEncodings = 0;
			knownRegions = (
				en,
				Base,
			);
			mainGroup = BE2E53091F9E7A8F00806D3F;
			productRefGroup = BE2E53131F9E7A8F00806D3F /* Products */;
			projectDirPath = "";
			projectRoot = "";
			targets = (
				BE2E53111F9E7A8F00806D3F /* Bicycle */,
				BE2E53281F9E7A8F00806D3F /* BicycleTests */,
				BE2E53331F9E7A8F00806D3F /* BicycleUITests */,
			);
		};
/* End PBXProject section */

/* Begin PBXResourcesBuildPhase section */
		BE2E53101F9E7A8F00806D3F /* Resources */ = {
			isa = PBXResourcesBuildPhase;
			buildActionMask = 2147483647;
			files = (
				BE6D55491FA7D7D500E7C7F2 /* Localizable.strings in Resources */,
				BE2E53231F9E7A8F00806D3F /* LaunchScreen.storyboard in Resources */,
				BE2E53201F9E7A8F00806D3F /* Assets.xcassets in Resources */,
				BE6D554B1FA7E25200E7C7F2 /* Contracts.json in Resources */,
				BEE87AE41F9FDF8000BBE819 /* BICHomeViewController.xib in Resources */,
			);
			runOnlyForDeploymentPostprocessing = 0;
		};
		BE2E53271F9E7A8F00806D3F /* Resources */ = {
			isa = PBXResourcesBuildPhase;
			buildActionMask = 2147483647;
			files = (
			);
			runOnlyForDeploymentPostprocessing = 0;
		};
		BE2E53321F9E7A8F00806D3F /* Resources */ = {
			isa = PBXResourcesBuildPhase;
			buildActionMask = 2147483647;
			files = (
			);
			runOnlyForDeploymentPostprocessing = 0;
		};
/* End PBXResourcesBuildPhase section */

/* Begin PBXShellScriptBuildPhase section */
		1D7745F89B2CF9F276F82B60 /* [CP] Check Pods Manifest.lock */ = {
			isa = PBXShellScriptBuildPhase;
			buildActionMask = 2147483647;
			files = (
			);
			inputPaths = (
				"${PODS_PODFILE_DIR_PATH}/Podfile.lock",
				"${PODS_ROOT}/Manifest.lock",
			);
			name = "[CP] Check Pods Manifest.lock";
			outputPaths = (
				"$(DERIVED_FILE_DIR)/Pods-BicycleUITests-checkManifestLockResult.txt",
			);
			runOnlyForDeploymentPostprocessing = 0;
			shellPath = /bin/sh;
			shellScript = "diff \"${PODS_PODFILE_DIR_PATH}/Podfile.lock\" \"${PODS_ROOT}/Manifest.lock\" > /dev/null\nif [ $? != 0 ] ; then\n    # print error to STDERR\n    echo \"error: The sandbox is not in sync with the Podfile.lock. Run 'pod install' or update your CocoaPods installation.\" >&2\n    exit 1\nfi\n# This output is used by Xcode 'outputs' to avoid re-running this script phase.\necho \"SUCCESS\" > \"${SCRIPT_OUTPUT_FILE_0}\"\n";
			showEnvVarsInLog = 0;
		};
		37AA0A3A15B9008B1F29F6B1 /* [CP] Copy Pods Resources */ = {
			isa = PBXShellScriptBuildPhase;
			buildActionMask = 2147483647;
			files = (
			);
			inputPaths = (
			);
			name = "[CP] Copy Pods Resources";
			outputPaths = (
			);
			runOnlyForDeploymentPostprocessing = 0;
			shellPath = /bin/sh;
			shellScript = "\"${SRCROOT}/Pods/Target Support Files/Pods-BicycleUITests/Pods-BicycleUITests-resources.sh\"\n";
			showEnvVarsInLog = 0;
		};
		398889356881975945F9BD88 /* [CP] Embed Pods Frameworks */ = {
			isa = PBXShellScriptBuildPhase;
			buildActionMask = 2147483647;
			files = (
			);
			inputPaths = (
				"${SRCROOT}/Pods/Target Support Files/Pods-Bicycle/Pods-Bicycle-frameworks.sh",
				"${BUILT_PRODUCTS_DIR}/Alamofire/Alamofire.framework",
				"${BUILT_PRODUCTS_DIR}/AlamofireObjectMapper/AlamofireObjectMapper.framework",
				"${BUILT_PRODUCTS_DIR}/Cluster/Cluster.framework",
				"${BUILT_PRODUCTS_DIR}/Dip/Dip.framework",
				"${BUILT_PRODUCTS_DIR}/ObjectMapper/ObjectMapper.framework",
				"${BUILT_PRODUCTS_DIR}/RxAlamofire/RxAlamofire.framework",
				"${BUILT_PRODUCTS_DIR}/RxCocoa/RxCocoa.framework",
				"${BUILT_PRODUCTS_DIR}/RxSwift/RxSwift.framework",
				"${BUILT_PRODUCTS_DIR}/SearchTextField/SearchTextField.framework",
				"${BUILT_PRODUCTS_DIR}/SwiftyBeaver/SwiftyBeaver.framework",
				"${BUILT_PRODUCTS_DIR}/Toaster/Toaster.framework",
			);
			name = "[CP] Embed Pods Frameworks";
			outputPaths = (
				"${TARGET_BUILD_DIR}/${FRAMEWORKS_FOLDER_PATH}/Alamofire.framework",
				"${TARGET_BUILD_DIR}/${FRAMEWORKS_FOLDER_PATH}/AlamofireObjectMapper.framework",
				"${TARGET_BUILD_DIR}/${FRAMEWORKS_FOLDER_PATH}/Cluster.framework",
				"${TARGET_BUILD_DIR}/${FRAMEWORKS_FOLDER_PATH}/Dip.framework",
				"${TARGET_BUILD_DIR}/${FRAMEWORKS_FOLDER_PATH}/ObjectMapper.framework",
				"${TARGET_BUILD_DIR}/${FRAMEWORKS_FOLDER_PATH}/RxAlamofire.framework",
				"${TARGET_BUILD_DIR}/${FRAMEWORKS_FOLDER_PATH}/RxCocoa.framework",
				"${TARGET_BUILD_DIR}/${FRAMEWORKS_FOLDER_PATH}/RxSwift.framework",
				"${TARGET_BUILD_DIR}/${FRAMEWORKS_FOLDER_PATH}/SearchTextField.framework",
				"${TARGET_BUILD_DIR}/${FRAMEWORKS_FOLDER_PATH}/SwiftyBeaver.framework",
				"${TARGET_BUILD_DIR}/${FRAMEWORKS_FOLDER_PATH}/Toaster.framework",
			);
			runOnlyForDeploymentPostprocessing = 0;
			shellPath = /bin/sh;
			shellScript = "\"${SRCROOT}/Pods/Target Support Files/Pods-Bicycle/Pods-Bicycle-frameworks.sh\"\n";
			showEnvVarsInLog = 0;
		};
		491AE243CA9A88E8E14EF2ED /* [CP] Copy Pods Resources */ = {
			isa = PBXShellScriptBuildPhase;
			buildActionMask = 2147483647;
			files = (
			);
			inputPaths = (
			);
			name = "[CP] Copy Pods Resources";
			outputPaths = (
			);
			runOnlyForDeploymentPostprocessing = 0;
			shellPath = /bin/sh;
			shellScript = "\"${SRCROOT}/Pods/Target Support Files/Pods-Bicycle/Pods-Bicycle-resources.sh\"\n";
			showEnvVarsInLog = 0;
		};
		4BDECDCF92680498D5AEE407 /* [CP] Check Pods Manifest.lock */ = {
			isa = PBXShellScriptBuildPhase;
			buildActionMask = 2147483647;
			files = (
			);
			inputPaths = (
				"${PODS_PODFILE_DIR_PATH}/Podfile.lock",
				"${PODS_ROOT}/Manifest.lock",
			);
			name = "[CP] Check Pods Manifest.lock";
			outputPaths = (
				"$(DERIVED_FILE_DIR)/Pods-BicycleTests-checkManifestLockResult.txt",
			);
			runOnlyForDeploymentPostprocessing = 0;
			shellPath = /bin/sh;
			shellScript = "diff \"${PODS_PODFILE_DIR_PATH}/Podfile.lock\" \"${PODS_ROOT}/Manifest.lock\" > /dev/null\nif [ $? != 0 ] ; then\n    # print error to STDERR\n    echo \"error: The sandbox is not in sync with the Podfile.lock. Run 'pod install' or update your CocoaPods installation.\" >&2\n    exit 1\nfi\n# This output is used by Xcode 'outputs' to avoid re-running this script phase.\necho \"SUCCESS\" > \"${SCRIPT_OUTPUT_FILE_0}\"\n";
			showEnvVarsInLog = 0;
		};
		8A8BD55EB2EA49602AD41DC6 /* [CP] Embed Pods Frameworks */ = {
			isa = PBXShellScriptBuildPhase;
			buildActionMask = 2147483647;
			files = (
			);
			inputPaths = (
			);
			name = "[CP] Embed Pods Frameworks";
			outputPaths = (
			);
			runOnlyForDeploymentPostprocessing = 0;
			shellPath = /bin/sh;
			shellScript = "\"${SRCROOT}/Pods/Target Support Files/Pods-BicycleUITests/Pods-BicycleUITests-frameworks.sh\"\n";
			showEnvVarsInLog = 0;
		};
		CA692A50DD7F701660402D0E /* [CP] Check Pods Manifest.lock */ = {
			isa = PBXShellScriptBuildPhase;
			buildActionMask = 2147483647;
			files = (
			);
			inputPaths = (
				"${PODS_PODFILE_DIR_PATH}/Podfile.lock",
				"${PODS_ROOT}/Manifest.lock",
			);
			name = "[CP] Check Pods Manifest.lock";
			outputPaths = (
				"$(DERIVED_FILE_DIR)/Pods-Bicycle-checkManifestLockResult.txt",
			);
			runOnlyForDeploymentPostprocessing = 0;
			shellPath = /bin/sh;
			shellScript = "diff \"${PODS_PODFILE_DIR_PATH}/Podfile.lock\" \"${PODS_ROOT}/Manifest.lock\" > /dev/null\nif [ $? != 0 ] ; then\n    # print error to STDERR\n    echo \"error: The sandbox is not in sync with the Podfile.lock. Run 'pod install' or update your CocoaPods installation.\" >&2\n    exit 1\nfi\n# This output is used by Xcode 'outputs' to avoid re-running this script phase.\necho \"SUCCESS\" > \"${SCRIPT_OUTPUT_FILE_0}\"\n";
			showEnvVarsInLog = 0;
		};
		E0A9111345447137C4E6C75F /* [CP] Copy Pods Resources */ = {
			isa = PBXShellScriptBuildPhase;
			buildActionMask = 2147483647;
			files = (
			);
			inputPaths = (
			);
			name = "[CP] Copy Pods Resources";
			outputPaths = (
			);
			runOnlyForDeploymentPostprocessing = 0;
			shellPath = /bin/sh;
			shellScript = "\"${SRCROOT}/Pods/Target Support Files/Pods-BicycleTests/Pods-BicycleTests-resources.sh\"\n";
			showEnvVarsInLog = 0;
		};
		ECD7756A1854A55EB664CB99 /* [CP] Embed Pods Frameworks */ = {
			isa = PBXShellScriptBuildPhase;
			buildActionMask = 2147483647;
			files = (
			);
			inputPaths = (
			);
			name = "[CP] Embed Pods Frameworks";
			outputPaths = (
			);
			runOnlyForDeploymentPostprocessing = 0;
			shellPath = /bin/sh;
			shellScript = "\"${SRCROOT}/Pods/Target Support Files/Pods-BicycleTests/Pods-BicycleTests-frameworks.sh\"\n";
			showEnvVarsInLog = 0;
		};
/* End PBXShellScriptBuildPhase section */

/* Begin PBXSourcesBuildPhase section */
		BE2E530E1F9E7A8F00806D3F /* Sources */ = {
			isa = PBXSourcesBuildPhase;
			buildActionMask = 2147483647;
			files = (
				BECC59861FA7C52C00F86703 /* SBTextField.swift in Sources */,
				BEEDAC891FA68CAA001D7765 /* BICContractProviderSerializer.swift in Sources */,
				BEEDAC851FA68CAA001D7765 /* CTBResponseDto.swift in Sources */,
				BEEAC46D1F9E90EA00766469 /* SBCrashReport.swift in Sources */,
				BEEDAC751FA6848F001D7765 /* BICConstants.swift in Sources */,
				BEEAC4681F9E8B5500766469 /* UIColor+SB.swift in Sources */,
				BEA6C8261FA11F4500C8EDA9 /* UIButton+SB.swift in Sources */,
				BE2E53161F9E7A8F00806D3F /* AppDelegate.swift in Sources */,
				BE6D55471FA7D51400E7C7F2 /* UIImage+SB.swift in Sources */,
				BEEDAC8A1FA68CAA001D7765 /* WSFacade.swift in Sources */,
				BECF25D81FA694FE005958D2 /* BICStationAnnotation.swift in Sources */,
				BE1131DE1FA131D40040C374 /* BICContract.swift in Sources */,
				BE2E531E1F9E7A8F00806D3F /* Bicycle.xcdatamodeld in Sources */,
				BEEDAC861FA68CAA001D7765 /* CTBStationDto.swift in Sources */,
				BED14B321F9E957D003FF180 /* UINavigationController+SB.swift in Sources */,
				BED14B301F9E9395003FF180 /* String+SB.swift in Sources */,
				BE63E1251FA3BF66001B8CCB /* Date+SB.swift in Sources */,
				BEEDAC791FA68B7B001D7765 /* BICStation.swift in Sources */,
				BE63E11C1FA3BE22001B8CCB /* BICContractService.swift in Sources */,
				BEEDAC841FA68CAA001D7765 /* CityBikesRestClient.swift in Sources */,
				BE1131DB1FA12CD50040C374 /* BICHomeViewModel.swift in Sources */,
				BEEAC4661F9E8AD200766469 /* AppDelegate+SB.swift in Sources */,
				BE08A1032064633400592B3E /* BICSearchViewModel.swift in Sources */,
				BECF25D61FA69482005958D2 /* BICContractAnnotation.swift in Sources */,
				BE63E1261FA3BF66001B8CCB /* MKCoordinateRegion+SB.swift in Sources */,
				BEB95FF21FA3B64D00062A88 /* BICPlace.swift in Sources */,
				BE2897492072CB5C00A90BF5 /* AlamofireObjectMapper+Rx.swift in Sources */,
				BE63E1231FA3BF66001B8CCB /* CLLocationCoordinate2D+SB.swift in Sources */,
				BEEAC46B1F9E903B00766469 /* SBLog.swift in Sources */,
				BE63E1241FA3BF66001B8CCB /* MKMapView+SB.swift in Sources */,
				BEE87AE31F9FDF8000BBE819 /* BICHomeViewController.swift in Sources */,
				BEEDAC771FA68B00001D7765 /* BICStationService.swift in Sources */,
			);
			runOnlyForDeploymentPostprocessing = 0;
		};
		BE2E53251F9E7A8F00806D3F /* Sources */ = {
			isa = PBXSourcesBuildPhase;
			buildActionMask = 2147483647;
			files = (
				BE2E532E1F9E7A8F00806D3F /* BicycleTests.swift in Sources */,
			);
			runOnlyForDeploymentPostprocessing = 0;
		};
		BE2E53301F9E7A8F00806D3F /* Sources */ = {
			isa = PBXSourcesBuildPhase;
			buildActionMask = 2147483647;
			files = (
				BE2E53391F9E7A8F00806D3F /* BicycleUITests.swift in Sources */,
			);
			runOnlyForDeploymentPostprocessing = 0;
		};
/* End PBXSourcesBuildPhase section */

/* Begin PBXTargetDependency section */
		BE2E532B1F9E7A8F00806D3F /* PBXTargetDependency */ = {
			isa = PBXTargetDependency;
			target = BE2E53111F9E7A8F00806D3F /* Bicycle */;
			targetProxy = BE2E532A1F9E7A8F00806D3F /* PBXContainerItemProxy */;
		};
		BE2E53361F9E7A8F00806D3F /* PBXTargetDependency */ = {
			isa = PBXTargetDependency;
			target = BE2E53111F9E7A8F00806D3F /* Bicycle */;
			targetProxy = BE2E53351F9E7A8F00806D3F /* PBXContainerItemProxy */;
		};
/* End PBXTargetDependency section */

/* Begin PBXVariantGroup section */
		BE2E53211F9E7A8F00806D3F /* LaunchScreen.storyboard */ = {
			isa = PBXVariantGroup;
			children = (
				BE2E53221F9E7A8F00806D3F /* Base */,
			);
			name = LaunchScreen.storyboard;
			sourceTree = "<group>";
		};
/* End PBXVariantGroup section */

/* Begin XCBuildConfiguration section */
		BE2E533B1F9E7A8F00806D3F /* Debug */ = {
			isa = XCBuildConfiguration;
			buildSettings = {
				ALWAYS_SEARCH_USER_PATHS = NO;
				CLANG_ANALYZER_NONNULL = YES;
				CLANG_ANALYZER_NUMBER_OBJECT_CONVERSION = YES_AGGRESSIVE;
				CLANG_CXX_LANGUAGE_STANDARD = "gnu++14";
				CLANG_CXX_LIBRARY = "libc++";
				CLANG_ENABLE_MODULES = YES;
				CLANG_ENABLE_OBJC_ARC = YES;
				CLANG_WARN_BLOCK_CAPTURE_AUTORELEASING = YES;
				CLANG_WARN_BOOL_CONVERSION = YES;
				CLANG_WARN_COMMA = YES;
				CLANG_WARN_CONSTANT_CONVERSION = YES;
				CLANG_WARN_DEPRECATED_OBJC_IMPLEMENTATIONS = YES;
				CLANG_WARN_DIRECT_OBJC_ISA_USAGE = YES_ERROR;
				CLANG_WARN_DOCUMENTATION_COMMENTS = YES;
				CLANG_WARN_EMPTY_BODY = YES;
				CLANG_WARN_ENUM_CONVERSION = YES;
				CLANG_WARN_INFINITE_RECURSION = YES;
				CLANG_WARN_INT_CONVERSION = YES;
				CLANG_WARN_NON_LITERAL_NULL_CONVERSION = YES;
				CLANG_WARN_OBJC_IMPLICIT_RETAIN_SELF = YES;
				CLANG_WARN_OBJC_LITERAL_CONVERSION = YES;
				CLANG_WARN_OBJC_ROOT_CLASS = YES_ERROR;
				CLANG_WARN_RANGE_LOOP_ANALYSIS = YES;
				CLANG_WARN_STRICT_PROTOTYPES = YES;
				CLANG_WARN_SUSPICIOUS_MOVE = YES;
				CLANG_WARN_UNGUARDED_AVAILABILITY = YES_AGGRESSIVE;
				CLANG_WARN_UNREACHABLE_CODE = YES;
				CLANG_WARN__DUPLICATE_METHOD_MATCH = YES;
				CODE_SIGN_IDENTITY = "iPhone Developer";
				COPY_PHASE_STRIP = NO;
				DEBUG_INFORMATION_FORMAT = dwarf;
				ENABLE_STRICT_OBJC_MSGSEND = YES;
				ENABLE_TESTABILITY = YES;
				GCC_C_LANGUAGE_STANDARD = gnu11;
				GCC_DYNAMIC_NO_PIC = NO;
				GCC_NO_COMMON_BLOCKS = YES;
				GCC_OPTIMIZATION_LEVEL = 0;
				GCC_PREPROCESSOR_DEFINITIONS = (
					"DEBUG=1",
					"$(inherited)",
				);
				GCC_WARN_64_TO_32_BIT_CONVERSION = YES;
				GCC_WARN_ABOUT_RETURN_TYPE = YES_ERROR;
				GCC_WARN_UNDECLARED_SELECTOR = YES;
				GCC_WARN_UNINITIALIZED_AUTOS = YES_AGGRESSIVE;
				GCC_WARN_UNUSED_FUNCTION = YES;
				GCC_WARN_UNUSED_VARIABLE = YES;
				IPHONEOS_DEPLOYMENT_TARGET = 10.0;
				MTL_ENABLE_DEBUG_INFO = YES;
				ONLY_ACTIVE_ARCH = YES;
				SB_CRASH_REPORT_ENABLED = false;
				SB_LOG_LEVEL = all;
				SDKROOT = iphoneos;
				SWIFT_ACTIVE_COMPILATION_CONDITIONS = DEBUG;
				SWIFT_OPTIMIZATION_LEVEL = "-Onone";
				SWIFT_VERSION = 4.0;
			};
			name = Debug;
		};
		BE2E533C1F9E7A8F00806D3F /* Release */ = {
			isa = XCBuildConfiguration;
			buildSettings = {
				ALWAYS_SEARCH_USER_PATHS = NO;
				CLANG_ANALYZER_NONNULL = YES;
				CLANG_ANALYZER_NUMBER_OBJECT_CONVERSION = YES_AGGRESSIVE;
				CLANG_CXX_LANGUAGE_STANDARD = "gnu++14";
				CLANG_CXX_LIBRARY = "libc++";
				CLANG_ENABLE_MODULES = YES;
				CLANG_ENABLE_OBJC_ARC = YES;
				CLANG_WARN_BLOCK_CAPTURE_AUTORELEASING = YES;
				CLANG_WARN_BOOL_CONVERSION = YES;
				CLANG_WARN_COMMA = YES;
				CLANG_WARN_CONSTANT_CONVERSION = YES;
				CLANG_WARN_DEPRECATED_OBJC_IMPLEMENTATIONS = YES;
				CLANG_WARN_DIRECT_OBJC_ISA_USAGE = YES_ERROR;
				CLANG_WARN_DOCUMENTATION_COMMENTS = YES;
				CLANG_WARN_EMPTY_BODY = YES;
				CLANG_WARN_ENUM_CONVERSION = YES;
				CLANG_WARN_INFINITE_RECURSION = YES;
				CLANG_WARN_INT_CONVERSION = YES;
				CLANG_WARN_NON_LITERAL_NULL_CONVERSION = YES;
				CLANG_WARN_OBJC_IMPLICIT_RETAIN_SELF = YES;
				CLANG_WARN_OBJC_LITERAL_CONVERSION = YES;
				CLANG_WARN_OBJC_ROOT_CLASS = YES_ERROR;
				CLANG_WARN_RANGE_LOOP_ANALYSIS = YES;
				CLANG_WARN_STRICT_PROTOTYPES = YES;
				CLANG_WARN_SUSPICIOUS_MOVE = YES;
				CLANG_WARN_UNGUARDED_AVAILABILITY = YES_AGGRESSIVE;
				CLANG_WARN_UNREACHABLE_CODE = YES;
				CLANG_WARN__DUPLICATE_METHOD_MATCH = YES;
				CODE_SIGN_IDENTITY = "iPhone Developer";
				COPY_PHASE_STRIP = NO;
				DEBUG_INFORMATION_FORMAT = "dwarf-with-dsym";
				ENABLE_NS_ASSERTIONS = NO;
				ENABLE_STRICT_OBJC_MSGSEND = YES;
				GCC_C_LANGUAGE_STANDARD = gnu11;
				GCC_NO_COMMON_BLOCKS = YES;
				GCC_WARN_64_TO_32_BIT_CONVERSION = YES;
				GCC_WARN_ABOUT_RETURN_TYPE = YES_ERROR;
				GCC_WARN_UNDECLARED_SELECTOR = YES;
				GCC_WARN_UNINITIALIZED_AUTOS = YES_AGGRESSIVE;
				GCC_WARN_UNUSED_FUNCTION = YES;
				GCC_WARN_UNUSED_VARIABLE = YES;
				IPHONEOS_DEPLOYMENT_TARGET = 10.0;
				MTL_ENABLE_DEBUG_INFO = NO;
				SB_CRASH_REPORT_ENABLED = true;
				SB_LOG_LEVEL = debug;
				SDKROOT = iphoneos;
				SWIFT_OPTIMIZATION_LEVEL = "-Owholemodule";
				SWIFT_VERSION = 4.0;
				VALIDATE_PRODUCT = YES;
			};
			name = Release;
		};
		BE2E533E1F9E7A8F00806D3F /* Debug */ = {
			isa = XCBuildConfiguration;
			baseConfigurationReference = F64D9C17E0DAB4B11EA78BB8 /* Pods-Bicycle.debug.xcconfig */;
			buildSettings = {
				ASSETCATALOG_COMPILER_APPICON_NAME = AppIcon;
				CODE_SIGN_STYLE = Automatic;
				DEVELOPMENT_TEAM = KWBC726VHU;
				INFOPLIST_FILE = Bicycle/Info.plist;
				LD_RUNPATH_SEARCH_PATHS = "$(inherited) @executable_path/Frameworks";
				PRODUCT_BUNDLE_IDENTIFIER = SB.Bicycle;
				PRODUCT_NAME = "$(TARGET_NAME)";
				SWIFT_VERSION = 4.0;
				TARGETED_DEVICE_FAMILY = 1;
			};
			name = Debug;
		};
		BE2E533F1F9E7A8F00806D3F /* Release */ = {
			isa = XCBuildConfiguration;
			baseConfigurationReference = 41231484E4A4329BB739FDF5 /* Pods-Bicycle.release.xcconfig */;
			buildSettings = {
				ASSETCATALOG_COMPILER_APPICON_NAME = AppIcon;
				CODE_SIGN_STYLE = Automatic;
				DEVELOPMENT_TEAM = KWBC726VHU;
				INFOPLIST_FILE = Bicycle/Info.plist;
				LD_RUNPATH_SEARCH_PATHS = "$(inherited) @executable_path/Frameworks";
				PRODUCT_BUNDLE_IDENTIFIER = SB.Bicycle;
				PRODUCT_NAME = "$(TARGET_NAME)";
				SWIFT_VERSION = 4.0;
				TARGETED_DEVICE_FAMILY = 1;
			};
			name = Release;
		};
		BE2E53411F9E7A8F00806D3F /* Debug */ = {
			isa = XCBuildConfiguration;
			baseConfigurationReference = 4B196CD00677D992327C305C /* Pods-BicycleTests.debug.xcconfig */;
			buildSettings = {
				ALWAYS_EMBED_SWIFT_STANDARD_LIBRARIES = YES;
				BUNDLE_LOADER = "$(TEST_HOST)";
				CODE_SIGN_STYLE = Automatic;
				DEVELOPMENT_TEAM = KWBC726VHU;
				INFOPLIST_FILE = BicycleTests/Info.plist;
				LD_RUNPATH_SEARCH_PATHS = "$(inherited) @executable_path/Frameworks @loader_path/Frameworks";
				PRODUCT_BUNDLE_IDENTIFIER = SB.BicycleTests;
				PRODUCT_NAME = "$(TARGET_NAME)";
				SWIFT_VERSION = 4.0;
				TARGETED_DEVICE_FAMILY = "1,2";
				TEST_HOST = "$(BUILT_PRODUCTS_DIR)/Bicycle.app/Bicycle";
			};
			name = Debug;
		};
		BE2E53421F9E7A8F00806D3F /* Release */ = {
			isa = XCBuildConfiguration;
			baseConfigurationReference = 06D027267E5B434389527636 /* Pods-BicycleTests.release.xcconfig */;
			buildSettings = {
				ALWAYS_EMBED_SWIFT_STANDARD_LIBRARIES = YES;
				BUNDLE_LOADER = "$(TEST_HOST)";
				CODE_SIGN_STYLE = Automatic;
				DEVELOPMENT_TEAM = KWBC726VHU;
				INFOPLIST_FILE = BicycleTests/Info.plist;
				LD_RUNPATH_SEARCH_PATHS = "$(inherited) @executable_path/Frameworks @loader_path/Frameworks";
				PRODUCT_BUNDLE_IDENTIFIER = SB.BicycleTests;
				PRODUCT_NAME = "$(TARGET_NAME)";
				SWIFT_VERSION = 4.0;
				TARGETED_DEVICE_FAMILY = "1,2";
				TEST_HOST = "$(BUILT_PRODUCTS_DIR)/Bicycle.app/Bicycle";
			};
			name = Release;
		};
		BE2E53441F9E7A8F00806D3F /* Debug */ = {
			isa = XCBuildConfiguration;
			baseConfigurationReference = ACB702E31DE218F1C38443F9 /* Pods-BicycleUITests.debug.xcconfig */;
			buildSettings = {
				ALWAYS_EMBED_SWIFT_STANDARD_LIBRARIES = YES;
				CODE_SIGN_STYLE = Automatic;
				DEVELOPMENT_TEAM = KWBC726VHU;
				INFOPLIST_FILE = BicycleUITests/Info.plist;
				LD_RUNPATH_SEARCH_PATHS = "$(inherited) @executable_path/Frameworks @loader_path/Frameworks";
				PRODUCT_BUNDLE_IDENTIFIER = SB.BicycleUITests;
				PRODUCT_NAME = "$(TARGET_NAME)";
				SWIFT_VERSION = 4.0;
				TARGETED_DEVICE_FAMILY = "1,2";
				TEST_TARGET_NAME = Bicycle;
			};
			name = Debug;
		};
		BE2E53451F9E7A8F00806D3F /* Release */ = {
			isa = XCBuildConfiguration;
			baseConfigurationReference = 1FEB6F8332C6AE93DC4EF60F /* Pods-BicycleUITests.release.xcconfig */;
			buildSettings = {
				ALWAYS_EMBED_SWIFT_STANDARD_LIBRARIES = YES;
				CODE_SIGN_STYLE = Automatic;
				DEVELOPMENT_TEAM = KWBC726VHU;
				INFOPLIST_FILE = BicycleUITests/Info.plist;
				LD_RUNPATH_SEARCH_PATHS = "$(inherited) @executable_path/Frameworks @loader_path/Frameworks";
				PRODUCT_BUNDLE_IDENTIFIER = SB.BicycleUITests;
				PRODUCT_NAME = "$(TARGET_NAME)";
				SWIFT_VERSION = 4.0;
				TARGETED_DEVICE_FAMILY = "1,2";
				TEST_TARGET_NAME = Bicycle;
			};
			name = Release;
		};
/* End XCBuildConfiguration section */

/* Begin XCConfigurationList section */
		BE2E530D1F9E7A8F00806D3F /* Build configuration list for PBXProject "Bicycle" */ = {
			isa = XCConfigurationList;
			buildConfigurations = (
				BE2E533B1F9E7A8F00806D3F /* Debug */,
				BE2E533C1F9E7A8F00806D3F /* Release */,
			);
			defaultConfigurationIsVisible = 0;
			defaultConfigurationName = Release;
		};
		BE2E533D1F9E7A8F00806D3F /* Build configuration list for PBXNativeTarget "Bicycle" */ = {
			isa = XCConfigurationList;
			buildConfigurations = (
				BE2E533E1F9E7A8F00806D3F /* Debug */,
				BE2E533F1F9E7A8F00806D3F /* Release */,
			);
			defaultConfigurationIsVisible = 0;
			defaultConfigurationName = Release;
		};
		BE2E53401F9E7A8F00806D3F /* Build configuration list for PBXNativeTarget "BicycleTests" */ = {
			isa = XCConfigurationList;
			buildConfigurations = (
				BE2E53411F9E7A8F00806D3F /* Debug */,
				BE2E53421F9E7A8F00806D3F /* Release */,
			);
			defaultConfigurationIsVisible = 0;
			defaultConfigurationName = Release;
		};
		BE2E53431F9E7A8F00806D3F /* Build configuration list for PBXNativeTarget "BicycleUITests" */ = {
			isa = XCConfigurationList;
			buildConfigurations = (
				BE2E53441F9E7A8F00806D3F /* Debug */,
				BE2E53451F9E7A8F00806D3F /* Release */,
			);
			defaultConfigurationIsVisible = 0;
			defaultConfigurationName = Release;
		};
/* End XCConfigurationList section */

/* Begin XCVersionGroup section */
		BE2E531C1F9E7A8F00806D3F /* Bicycle.xcdatamodeld */ = {
			isa = XCVersionGroup;
			children = (
				BE2E531D1F9E7A8F00806D3F /* Bicycle.xcdatamodel */,
			);
			currentVersion = BE2E531D1F9E7A8F00806D3F /* Bicycle.xcdatamodel */;
			path = Bicycle.xcdatamodeld;
			sourceTree = "<group>";
			versionGroupType = wrapper.xcdatamodel;
		};
/* End XCVersionGroup section */
	};
	rootObject = BE2E530A1F9E7A8F00806D3F /* Project object */;
}
